// !$*UTF8*$!
{
	archiveVersion = 1;
	classes = {
	};
	objectVersion = 55;
	objects = {

/* Begin PBXBuildFile section */
		194B273128C3973400A48675 /* MoeMemosApp.swift in Sources */ = {isa = PBXBuildFile; fileRef = 194B273028C3973400A48675 /* MoeMemosApp.swift */; };
		194B273328C3973400A48675 /* ContentView.swift in Sources */ = {isa = PBXBuildFile; fileRef = 194B273228C3973400A48675 /* ContentView.swift */; };
		194B273528C3973600A48675 /* Assets.xcassets in Resources */ = {isa = PBXBuildFile; fileRef = 194B273428C3973600A48675 /* Assets.xcassets */; };
		194B273828C3973600A48675 /* Preview Assets.xcassets in Resources */ = {isa = PBXBuildFile; fileRef = 194B273728C3973600A48675 /* Preview Assets.xcassets */; };
		194B274228C3973600A48675 /* MoeMemosTests.swift in Sources */ = {isa = PBXBuildFile; fileRef = 194B274128C3973600A48675 /* MoeMemosTests.swift */; };
		194B274C28C3973600A48675 /* MoeMemosUITests.swift in Sources */ = {isa = PBXBuildFile; fileRef = 194B274B28C3973600A48675 /* MoeMemosUITests.swift */; };
		194B274E28C3973600A48675 /* MoeMemosUITestsLaunchTests.swift in Sources */ = {isa = PBXBuildFile; fileRef = 194B274D28C3973600A48675 /* MoeMemosUITestsLaunchTests.swift */; };
		19F31BF728C3E26D000C5207 /* MemosList.swift in Sources */ = {isa = PBXBuildFile; fileRef = 19F31BF628C3E26D000C5207 /* MemosList.swift */; };
		19F31BFB28C3E9B2000C5207 /* Memo.swift in Sources */ = {isa = PBXBuildFile; fileRef = 19F31BFA28C3E9B2000C5207 /* Memo.swift */; };
		19F31BFD28C3ED11000C5207 /* MemoCard.swift in Sources */ = {isa = PBXBuildFile; fileRef = 19F31BFC28C3ED11000C5207 /* MemoCard.swift */; };
/* End PBXBuildFile section */

/* Begin PBXContainerItemProxy section */
		194B273E28C3973600A48675 /* PBXContainerItemProxy */ = {
			isa = PBXContainerItemProxy;
			containerPortal = 194B272528C3973400A48675 /* Project object */;
			proxyType = 1;
			remoteGlobalIDString = 194B272C28C3973400A48675;
			remoteInfo = MoeMemos;
		};
		194B274828C3973600A48675 /* PBXContainerItemProxy */ = {
			isa = PBXContainerItemProxy;
			containerPortal = 194B272528C3973400A48675 /* Project object */;
			proxyType = 1;
			remoteGlobalIDString = 194B272C28C3973400A48675;
			remoteInfo = MoeMemos;
		};
/* End PBXContainerItemProxy section */

/* Begin PBXFileReference section */
		194B272D28C3973400A48675 /* MoeMemos.app */ = {isa = PBXFileReference; explicitFileType = wrapper.application; includeInIndex = 0; path = MoeMemos.app; sourceTree = BUILT_PRODUCTS_DIR; };
		194B273028C3973400A48675 /* MoeMemosApp.swift */ = {isa = PBXFileReference; lastKnownFileType = sourcecode.swift; path = MoeMemosApp.swift; sourceTree = "<group>"; };
		194B273228C3973400A48675 /* ContentView.swift */ = {isa = PBXFileReference; lastKnownFileType = sourcecode.swift; path = ContentView.swift; sourceTree = "<group>"; };
		194B273428C3973600A48675 /* Assets.xcassets */ = {isa = PBXFileReference; lastKnownFileType = folder.assetcatalog; path = Assets.xcassets; sourceTree = "<group>"; };
		194B273728C3973600A48675 /* Preview Assets.xcassets */ = {isa = PBXFileReference; lastKnownFileType = folder.assetcatalog; path = "Preview Assets.xcassets"; sourceTree = "<group>"; };
		194B273D28C3973600A48675 /* MoeMemosTests.xctest */ = {isa = PBXFileReference; explicitFileType = wrapper.cfbundle; includeInIndex = 0; path = MoeMemosTests.xctest; sourceTree = BUILT_PRODUCTS_DIR; };
		194B274128C3973600A48675 /* MoeMemosTests.swift */ = {isa = PBXFileReference; lastKnownFileType = sourcecode.swift; path = MoeMemosTests.swift; sourceTree = "<group>"; };
		194B274728C3973600A48675 /* MoeMemosUITests.xctest */ = {isa = PBXFileReference; explicitFileType = wrapper.cfbundle; includeInIndex = 0; path = MoeMemosUITests.xctest; sourceTree = BUILT_PRODUCTS_DIR; };
		194B274B28C3973600A48675 /* MoeMemosUITests.swift */ = {isa = PBXFileReference; lastKnownFileType = sourcecode.swift; path = MoeMemosUITests.swift; sourceTree = "<group>"; };
		194B274D28C3973600A48675 /* MoeMemosUITestsLaunchTests.swift */ = {isa = PBXFileReference; lastKnownFileType = sourcecode.swift; path = MoeMemosUITestsLaunchTests.swift; sourceTree = "<group>"; };
		19F31BF628C3E26D000C5207 /* MemosList.swift */ = {isa = PBXFileReference; lastKnownFileType = sourcecode.swift; path = MemosList.swift; sourceTree = "<group>"; };
		19F31BFA28C3E9B2000C5207 /* Memo.swift */ = {isa = PBXFileReference; lastKnownFileType = sourcecode.swift; path = Memo.swift; sourceTree = "<group>"; };
		19F31BFC28C3ED11000C5207 /* MemoCard.swift */ = {isa = PBXFileReference; lastKnownFileType = sourcecode.swift; path = MemoCard.swift; sourceTree = "<group>"; };
/* End PBXFileReference section */

/* Begin PBXFrameworksBuildPhase section */
		194B272A28C3973400A48675 /* Frameworks */ = {
			isa = PBXFrameworksBuildPhase;
			buildActionMask = 2147483647;
			files = (
			);
			runOnlyForDeploymentPostprocessing = 0;
		};
		194B273A28C3973600A48675 /* Frameworks */ = {
			isa = PBXFrameworksBuildPhase;
			buildActionMask = 2147483647;
			files = (
			);
			runOnlyForDeploymentPostprocessing = 0;
		};
		194B274428C3973600A48675 /* Frameworks */ = {
			isa = PBXFrameworksBuildPhase;
			buildActionMask = 2147483647;
			files = (
			);
			runOnlyForDeploymentPostprocessing = 0;
		};
/* End PBXFrameworksBuildPhase section */

/* Begin PBXGroup section */
		194B272428C3973400A48675 = {
			isa = PBXGroup;
			children = (
				194B272F28C3973400A48675 /* MoeMemos */,
				194B274028C3973600A48675 /* MoeMemosTests */,
				194B274A28C3973600A48675 /* MoeMemosUITests */,
				194B272E28C3973400A48675 /* Products */,
			);
			sourceTree = "<group>";
		};
		194B272E28C3973400A48675 /* Products */ = {
			isa = PBXGroup;
			children = (
				194B272D28C3973400A48675 /* MoeMemos.app */,
				194B273D28C3973600A48675 /* MoeMemosTests.xctest */,
				194B274728C3973600A48675 /* MoeMemosUITests.xctest */,
			);
			name = Products;
			sourceTree = "<group>";
		};
		194B272F28C3973400A48675 /* MoeMemos */ = {
			isa = PBXGroup;
			children = (
				19F31BF928C3E990000C5207 /* Model */,
				19F31BF828C3E286000C5207 /* Views */,
				194B273028C3973400A48675 /* MoeMemosApp.swift */,
				194B273228C3973400A48675 /* ContentView.swift */,
				194B273428C3973600A48675 /* Assets.xcassets */,
				194B273628C3973600A48675 /* Preview Content */,
			);
			path = MoeMemos;
			sourceTree = "<group>";
		};
		194B273628C3973600A48675 /* Preview Content */ = {
			isa = PBXGroup;
			children = (
				194B273728C3973600A48675 /* Preview Assets.xcassets */,
			);
			path = "Preview Content";
			sourceTree = "<group>";
		};
		194B274028C3973600A48675 /* MoeMemosTests */ = {
			isa = PBXGroup;
			children = (
				194B274128C3973600A48675 /* MoeMemosTests.swift */,
			);
			path = MoeMemosTests;
			sourceTree = "<group>";
		};
		194B274A28C3973600A48675 /* MoeMemosUITests */ = {
			isa = PBXGroup;
			children = (
				194B274B28C3973600A48675 /* MoeMemosUITests.swift */,
				194B274D28C3973600A48675 /* MoeMemosUITestsLaunchTests.swift */,
			);
			path = MoeMemosUITests;
			sourceTree = "<group>";
		};
		19F31BF828C3E286000C5207 /* Views */ = {
			isa = PBXGroup;
			children = (
				19F31BF628C3E26D000C5207 /* MemosList.swift */,
				19F31BFC28C3ED11000C5207 /* MemoCard.swift */,
			);
			path = Views;
			sourceTree = "<group>";
		};
		19F31BF928C3E990000C5207 /* Model */ = {
			isa = PBXGroup;
			children = (
				19F31BFA28C3E9B2000C5207 /* Memo.swift */,
			);
			path = Model;
			sourceTree = "<group>";
		};
/* End PBXGroup section */

/* Begin PBXNativeTarget section */
		194B272C28C3973400A48675 /* MoeMemos */ = {
			isa = PBXNativeTarget;
			buildConfigurationList = 194B275128C3973600A48675 /* Build configuration list for PBXNativeTarget "MoeMemos" */;
			buildPhases = (
				194B272928C3973400A48675 /* Sources */,
				194B272A28C3973400A48675 /* Frameworks */,
				194B272B28C3973400A48675 /* Resources */,
			);
			buildRules = (
			);
			dependencies = (
			);
			name = MoeMemos;
			productName = MoeMemos;
			productReference = 194B272D28C3973400A48675 /* MoeMemos.app */;
			productType = "com.apple.product-type.application";
		};
		194B273C28C3973600A48675 /* MoeMemosTests */ = {
			isa = PBXNativeTarget;
			buildConfigurationList = 194B275428C3973600A48675 /* Build configuration list for PBXNativeTarget "MoeMemosTests" */;
			buildPhases = (
				194B273928C3973600A48675 /* Sources */,
				194B273A28C3973600A48675 /* Frameworks */,
				194B273B28C3973600A48675 /* Resources */,
			);
			buildRules = (
			);
			dependencies = (
				194B273F28C3973600A48675 /* PBXTargetDependency */,
			);
			name = MoeMemosTests;
			productName = MoeMemosTests;
			productReference = 194B273D28C3973600A48675 /* MoeMemosTests.xctest */;
			productType = "com.apple.product-type.bundle.unit-test";
		};
		194B274628C3973600A48675 /* MoeMemosUITests */ = {
			isa = PBXNativeTarget;
			buildConfigurationList = 194B275728C3973600A48675 /* Build configuration list for PBXNativeTarget "MoeMemosUITests" */;
			buildPhases = (
				194B274328C3973600A48675 /* Sources */,
				194B274428C3973600A48675 /* Frameworks */,
				194B274528C3973600A48675 /* Resources */,
			);
			buildRules = (
			);
			dependencies = (
				194B274928C3973600A48675 /* PBXTargetDependency */,
			);
			name = MoeMemosUITests;
			productName = MoeMemosUITests;
			productReference = 194B274728C3973600A48675 /* MoeMemosUITests.xctest */;
			productType = "com.apple.product-type.bundle.ui-testing";
		};
/* End PBXNativeTarget section */

/* Begin PBXProject section */
		194B272528C3973400A48675 /* Project object */ = {
			isa = PBXProject;
			attributes = {
				BuildIndependentTargetsInParallel = 1;
				LastSwiftUpdateCheck = 1340;
				LastUpgradeCheck = 1340;
				TargetAttributes = {
					194B272C28C3973400A48675 = {
						CreatedOnToolsVersion = 13.4.1;
					};
					194B273C28C3973600A48675 = {
						CreatedOnToolsVersion = 13.4.1;
						TestTargetID = 194B272C28C3973400A48675;
					};
					194B274628C3973600A48675 = {
						CreatedOnToolsVersion = 13.4.1;
						TestTargetID = 194B272C28C3973400A48675;
					};
				};
			};
			buildConfigurationList = 194B272828C3973400A48675 /* Build configuration list for PBXProject "MoeMemos" */;
			compatibilityVersion = "Xcode 13.0";
			developmentRegion = en;
			hasScannedForEncodings = 0;
			knownRegions = (
				en,
				Base,
			);
			mainGroup = 194B272428C3973400A48675;
			productRefGroup = 194B272E28C3973400A48675 /* Products */;
			projectDirPath = "";
			projectRoot = "";
			targets = (
				194B272C28C3973400A48675 /* MoeMemos */,
				194B273C28C3973600A48675 /* MoeMemosTests */,
				194B274628C3973600A48675 /* MoeMemosUITests */,
			);
		};
/* End PBXProject section */

/* Begin PBXResourcesBuildPhase section */
		194B272B28C3973400A48675 /* Resources */ = {
			isa = PBXResourcesBuildPhase;
			buildActionMask = 2147483647;
			files = (
				194B273828C3973600A48675 /* Preview Assets.xcassets in Resources */,
				194B273528C3973600A48675 /* Assets.xcassets in Resources */,
			);
			runOnlyForDeploymentPostprocessing = 0;
		};
		194B273B28C3973600A48675 /* Resources */ = {
			isa = PBXResourcesBuildPhase;
			buildActionMask = 2147483647;
			files = (
			);
			runOnlyForDeploymentPostprocessing = 0;
		};
		194B274528C3973600A48675 /* Resources */ = {
			isa = PBXResourcesBuildPhase;
			buildActionMask = 2147483647;
			files = (
			);
			runOnlyForDeploymentPostprocessing = 0;
		};
/* End PBXResourcesBuildPhase section */

/* Begin PBXSourcesBuildPhase section */
		194B272928C3973400A48675 /* Sources */ = {
			isa = PBXSourcesBuildPhase;
			buildActionMask = 2147483647;
			files = (
				19F31BF728C3E26D000C5207 /* MemosList.swift in Sources */,
				19F31BFD28C3ED11000C5207 /* MemoCard.swift in Sources */,
				194B273328C3973400A48675 /* ContentView.swift in Sources */,
				194B273128C3973400A48675 /* MoeMemosApp.swift in Sources */,
				19F31BFB28C3E9B2000C5207 /* Memo.swift in Sources */,
			);
			runOnlyForDeploymentPostprocessing = 0;
		};
		194B273928C3973600A48675 /* Sources */ = {
			isa = PBXSourcesBuildPhase;
			buildActionMask = 2147483647;
			files = (
				194B274228C3973600A48675 /* MoeMemosTests.swift in Sources */,
			);
			runOnlyForDeploymentPostprocessing = 0;
		};
		194B274328C3973600A48675 /* Sources */ = {
			isa = PBXSourcesBuildPhase;
			buildActionMask = 2147483647;
			files = (
				194B274E28C3973600A48675 /* MoeMemosUITestsLaunchTests.swift in Sources */,
				194B274C28C3973600A48675 /* MoeMemosUITests.swift in Sources */,
			);
			runOnlyForDeploymentPostprocessing = 0;
		};
/* End PBXSourcesBuildPhase section */

/* Begin PBXTargetDependency section */
		194B273F28C3973600A48675 /* PBXTargetDependency */ = {
			isa = PBXTargetDependency;
			target = 194B272C28C3973400A48675 /* MoeMemos */;
			targetProxy = 194B273E28C3973600A48675 /* PBXContainerItemProxy */;
		};
		194B274928C3973600A48675 /* PBXTargetDependency */ = {
			isa = PBXTargetDependency;
			target = 194B272C28C3973400A48675 /* MoeMemos */;
			targetProxy = 194B274828C3973600A48675 /* PBXContainerItemProxy */;
		};
/* End PBXTargetDependency section */

/* Begin XCBuildConfiguration section */
		194B274F28C3973600A48675 /* Debug */ = {
			isa = XCBuildConfiguration;
			buildSettings = {
				ALWAYS_SEARCH_USER_PATHS = NO;
				CLANG_ANALYZER_NONNULL = YES;
				CLANG_ANALYZER_NUMBER_OBJECT_CONVERSION = YES_AGGRESSIVE;
				CLANG_CXX_LANGUAGE_STANDARD = "gnu++17";
				CLANG_ENABLE_MODULES = YES;
				CLANG_ENABLE_OBJC_ARC = YES;
				CLANG_ENABLE_OBJC_WEAK = YES;
				CLANG_WARN_BLOCK_CAPTURE_AUTORELEASING = YES;
				CLANG_WARN_BOOL_CONVERSION = YES;
				CLANG_WARN_COMMA = YES;
				CLANG_WARN_CONSTANT_CONVERSION = YES;
				CLANG_WARN_DEPRECATED_OBJC_IMPLEMENTATIONS = YES;
				CLANG_WARN_DIRECT_OBJC_ISA_USAGE = YES_ERROR;
				CLANG_WARN_DOCUMENTATION_COMMENTS = YES;
				CLANG_WARN_EMPTY_BODY = YES;
				CLANG_WARN_ENUM_CONVERSION = YES;
				CLANG_WARN_INFINITE_RECURSION = YES;
				CLANG_WARN_INT_CONVERSION = YES;
				CLANG_WARN_NON_LITERAL_NULL_CONVERSION = YES;
				CLANG_WARN_OBJC_IMPLICIT_RETAIN_SELF = YES;
				CLANG_WARN_OBJC_LITERAL_CONVERSION = YES;
				CLANG_WARN_OBJC_ROOT_CLASS = YES_ERROR;
				CLANG_WARN_QUOTED_INCLUDE_IN_FRAMEWORK_HEADER = YES;
				CLANG_WARN_RANGE_LOOP_ANALYSIS = YES;
				CLANG_WARN_STRICT_PROTOTYPES = YES;
				CLANG_WARN_SUSPICIOUS_MOVE = YES;
				CLANG_WARN_UNGUARDED_AVAILABILITY = YES_AGGRESSIVE;
				CLANG_WARN_UNREACHABLE_CODE = YES;
				CLANG_WARN__DUPLICATE_METHOD_MATCH = YES;
				COPY_PHASE_STRIP = NO;
				DEBUG_INFORMATION_FORMAT = dwarf;
				ENABLE_STRICT_OBJC_MSGSEND = YES;
				ENABLE_TESTABILITY = YES;
				GCC_C_LANGUAGE_STANDARD = gnu11;
				GCC_DYNAMIC_NO_PIC = NO;
				GCC_NO_COMMON_BLOCKS = YES;
				GCC_OPTIMIZATION_LEVEL = 0;
				GCC_PREPROCESSOR_DEFINITIONS = (
					"DEBUG=1",
					"$(inherited)",
				);
				GCC_WARN_64_TO_32_BIT_CONVERSION = YES;
				GCC_WARN_ABOUT_RETURN_TYPE = YES_ERROR;
				GCC_WARN_UNDECLARED_SELECTOR = YES;
				GCC_WARN_UNINITIALIZED_AUTOS = YES_AGGRESSIVE;
				GCC_WARN_UNUSED_FUNCTION = YES;
				GCC_WARN_UNUSED_VARIABLE = YES;
				IPHONEOS_DEPLOYMENT_TARGET = 15.5;
				MTL_ENABLE_DEBUG_INFO = INCLUDE_SOURCE;
				MTL_FAST_MATH = YES;
				ONLY_ACTIVE_ARCH = YES;
				SDKROOT = iphoneos;
				SWIFT_ACTIVE_COMPILATION_CONDITIONS = DEBUG;
				SWIFT_OPTIMIZATION_LEVEL = "-Onone";
			};
			name = Debug;
		};
		194B275028C3973600A48675 /* Release */ = {
			isa = XCBuildConfiguration;
			buildSettings = {
				ALWAYS_SEARCH_USER_PATHS = NO;
				CLANG_ANALYZER_NONNULL = YES;
				CLANG_ANALYZER_NUMBER_OBJECT_CONVERSION = YES_AGGRESSIVE;
				CLANG_CXX_LANGUAGE_STANDARD = "gnu++17";
				CLANG_ENABLE_MODULES = YES;
				CLANG_ENABLE_OBJC_ARC = YES;
				CLANG_ENABLE_OBJC_WEAK = YES;
				CLANG_WARN_BLOCK_CAPTURE_AUTORELEASING = YES;
				CLANG_WARN_BOOL_CONVERSION = YES;
				CLANG_WARN_COMMA = YES;
				CLANG_WARN_CONSTANT_CONVERSION = YES;
				CLANG_WARN_DEPRECATED_OBJC_IMPLEMENTATIONS = YES;
				CLANG_WARN_DIRECT_OBJC_ISA_USAGE = YES_ERROR;
				CLANG_WARN_DOCUMENTATION_COMMENTS = YES;
				CLANG_WARN_EMPTY_BODY = YES;
				CLANG_WARN_ENUM_CONVERSION = YES;
				CLANG_WARN_INFINITE_RECURSION = YES;
				CLANG_WARN_INT_CONVERSION = YES;
				CLANG_WARN_NON_LITERAL_NULL_CONVERSION = YES;
				CLANG_WARN_OBJC_IMPLICIT_RETAIN_SELF = YES;
				CLANG_WARN_OBJC_LITERAL_CONVERSION = YES;
				CLANG_WARN_OBJC_ROOT_CLASS = YES_ERROR;
				CLANG_WARN_QUOTED_INCLUDE_IN_FRAMEWORK_HEADER = YES;
				CLANG_WARN_RANGE_LOOP_ANALYSIS = YES;
				CLANG_WARN_STRICT_PROTOTYPES = YES;
				CLANG_WARN_SUSPICIOUS_MOVE = YES;
				CLANG_WARN_UNGUARDED_AVAILABILITY = YES_AGGRESSIVE;
				CLANG_WARN_UNREACHABLE_CODE = YES;
				CLANG_WARN__DUPLICATE_METHOD_MATCH = YES;
				COPY_PHASE_STRIP = NO;
				DEBUG_INFORMATION_FORMAT = "dwarf-with-dsym";
				ENABLE_NS_ASSERTIONS = NO;
				ENABLE_STRICT_OBJC_MSGSEND = YES;
				GCC_C_LANGUAGE_STANDARD = gnu11;
				GCC_NO_COMMON_BLOCKS = YES;
				GCC_WARN_64_TO_32_BIT_CONVERSION = YES;
				GCC_WARN_ABOUT_RETURN_TYPE = YES_ERROR;
				GCC_WARN_UNDECLARED_SELECTOR = YES;
				GCC_WARN_UNINITIALIZED_AUTOS = YES_AGGRESSIVE;
				GCC_WARN_UNUSED_FUNCTION = YES;
				GCC_WARN_UNUSED_VARIABLE = YES;
				IPHONEOS_DEPLOYMENT_TARGET = 15.5;
				MTL_ENABLE_DEBUG_INFO = NO;
				MTL_FAST_MATH = YES;
				SDKROOT = iphoneos;
				SWIFT_COMPILATION_MODE = wholemodule;
				SWIFT_OPTIMIZATION_LEVEL = "-O";
				VALIDATE_PRODUCT = YES;
			};
			name = Release;
		};
		194B275228C3973600A48675 /* Debug */ = {
			isa = XCBuildConfiguration;
			buildSettings = {
				ASSETCATALOG_COMPILER_APPICON_NAME = AppIcon;
				ASSETCATALOG_COMPILER_GLOBAL_ACCENT_COLOR_NAME = AccentColor;
				CODE_SIGN_STYLE = Automatic;
				CURRENT_PROJECT_VERSION = 1;
				DEVELOPMENT_ASSET_PATHS = "\"MoeMemos/Preview Content\"";
				DEVELOPMENT_TEAM = AHAQ4D2466;
				ENABLE_PREVIEWS = YES;
				GENERATE_INFOPLIST_FILE = YES;
				INFOPLIST_KEY_UIApplicationSceneManifest_Generation = YES;
				INFOPLIST_KEY_UIApplicationSupportsIndirectInputEvents = YES;
				INFOPLIST_KEY_UILaunchScreen_Generation = YES;
				INFOPLIST_KEY_UISupportedInterfaceOrientations_iPad = "UIInterfaceOrientationPortrait UIInterfaceOrientationPortraitUpsideDown UIInterfaceOrientationLandscapeLeft UIInterfaceOrientationLandscapeRight";
				INFOPLIST_KEY_UISupportedInterfaceOrientations_iPhone = "UIInterfaceOrientationPortrait UIInterfaceOrientationLandscapeLeft UIInterfaceOrientationLandscapeRight";
				LD_RUNPATH_SEARCH_PATHS = (
					"$(inherited)",
					"@executable_path/Frameworks",
				);
				MARKETING_VERSION = 1.0;
				PRODUCT_BUNDLE_IDENTIFIER = me.mudkip.MoeMemos;
				PRODUCT_NAME = "$(TARGET_NAME)";
				SWIFT_EMIT_LOC_STRINGS = YES;
				SWIFT_VERSION = 5.0;
				TARGETED_DEVICE_FAMILY = "1,2";
			};
			name = Debug;
		};
		194B275328C3973600A48675 /* Release */ = {
			isa = XCBuildConfiguration;
			buildSettings = {
				ASSETCATALOG_COMPILER_APPICON_NAME = AppIcon;
				ASSETCATALOG_COMPILER_GLOBAL_ACCENT_COLOR_NAME = AccentColor;
				CODE_SIGN_STYLE = Automatic;
				CURRENT_PROJECT_VERSION = 1;
				DEVELOPMENT_ASSET_PATHS = "\"MoeMemos/Preview Content\"";
				DEVELOPMENT_TEAM = AHAQ4D2466;
				ENABLE_PREVIEWS = YES;
				GENERATE_INFOPLIST_FILE = YES;
				INFOPLIST_KEY_UIApplicationSceneManifest_Generation = YES;
				INFOPLIST_KEY_UIApplicationSupportsIndirectInputEvents = YES;
				INFOPLIST_KEY_UILaunchScreen_Generation = YES;
				INFOPLIST_KEY_UISupportedInterfaceOrientations_iPad = "UIInterfaceOrientationPortrait UIInterfaceOrientationPortraitUpsideDown UIInterfaceOrientationLandscapeLeft UIInterfaceOrientationLandscapeRight";
				INFOPLIST_KEY_UISupportedInterfaceOrientations_iPhone = "UIInterfaceOrientationPortrait UIInterfaceOrientationLandscapeLeft UIInterfaceOrientationLandscapeRight";
				LD_RUNPATH_SEARCH_PATHS = (
					"$(inherited)",
					"@executable_path/Frameworks",
				);
				MARKETING_VERSION = 1.0;
				PRODUCT_BUNDLE_IDENTIFIER = me.mudkip.MoeMemos;
				PRODUCT_NAME = "$(TARGET_NAME)";
				SWIFT_EMIT_LOC_STRINGS = YES;
				SWIFT_VERSION = 5.0;
				TARGETED_DEVICE_FAMILY = "1,2";
			};
			name = Release;
		};
		194B275528C3973600A48675 /* Debug */ = {
			isa = XCBuildConfiguration;
			buildSettings = {
				ALWAYS_EMBED_SWIFT_STANDARD_LIBRARIES = YES;
				BUNDLE_LOADER = "$(TEST_HOST)";
				CODE_SIGN_STYLE = Automatic;
				CURRENT_PROJECT_VERSION = 1;
				DEVELOPMENT_TEAM = AHAQ4D2466;
				GENERATE_INFOPLIST_FILE = YES;
				IPHONEOS_DEPLOYMENT_TARGET = 15.5;
				MARKETING_VERSION = 1.0;
				PRODUCT_BUNDLE_IDENTIFIER = me.mudkip.MoeMemosTests;
				PRODUCT_NAME = "$(TARGET_NAME)";
				SWIFT_EMIT_LOC_STRINGS = NO;
				SWIFT_VERSION = 5.0;
				TARGETED_DEVICE_FAMILY = "1,2";
				TEST_HOST = "$(BUILT_PRODUCTS_DIR)/MoeMemos.app/MoeMemos";
			};
			name = Debug;
		};
		194B275628C3973600A48675 /* Release */ = {
			isa = XCBuildConfiguration;
			buildSettings = {
				ALWAYS_EMBED_SWIFT_STANDARD_LIBRARIES = YES;
				BUNDLE_LOADER = "$(TEST_HOST)";
				CODE_SIGN_STYLE = Automatic;
				CURRENT_PROJECT_VERSION = 1;
				DEVELOPMENT_TEAM = AHAQ4D2466;
				GENERATE_INFOPLIST_FILE = YES;
				IPHONEOS_DEPLOYMENT_TARGET = 15.5;
				MARKETING_VERSION = 1.0;
				PRODUCT_BUNDLE_IDENTIFIER = me.mudkip.MoeMemosTests;
				PRODUCT_NAME = "$(TARGET_NAME)";
				SWIFT_EMIT_LOC_STRINGS = NO;
				SWIFT_VERSION = 5.0;
				TARGETED_DEVICE_FAMILY = "1,2";
				TEST_HOST = "$(BUILT_PRODUCTS_DIR)/MoeMemos.app/MoeMemos";
			};
			name = Release;
		};
		194B275828C3973600A48675 /* Debug */ = {
			isa = XCBuildConfiguration;
			buildSettings = {
				ALWAYS_EMBED_SWIFT_STANDARD_LIBRARIES = YES;
				CODE_SIGN_STYLE = Automatic;
				CURRENT_PROJECT_VERSION = 1;
				DEVELOPMENT_TEAM = AHAQ4D2466;
				GENERATE_INFOPLIST_FILE = YES;
				MARKETING_VERSION = 1.0;
				PRODUCT_BUNDLE_IDENTIFIER = me.mudkip.MoeMemosUITests;
				PRODUCT_NAME = "$(TARGET_NAME)";
				SWIFT_EMIT_LOC_STRINGS = NO;
				SWIFT_VERSION = 5.0;
				TARGETED_DEVICE_FAMILY = "1,2";
				TEST_TARGET_NAME = MoeMemos;
			};
			name = Debug;
		};
		194B275928C3973600A48675 /* Release */ = {
			isa = XCBuildConfiguration;
			buildSettings = {
				ALWAYS_EMBED_SWIFT_STANDARD_LIBRARIES = YES;
				CODE_SIGN_STYLE = Automatic;
				CURRENT_PROJECT_VERSION = 1;
				DEVELOPMENT_TEAM = AHAQ4D2466;
				GENERATE_INFOPLIST_FILE = YES;
				MARKETING_VERSION = 1.0;
				PRODUCT_BUNDLE_IDENTIFIER = me.mudkip.MoeMemosUITests;
				PRODUCT_NAME = "$(TARGET_NAME)";
				SWIFT_EMIT_LOC_STRINGS = NO;
				SWIFT_VERSION = 5.0;
				TARGETED_DEVICE_FAMILY = "1,2";
				TEST_TARGET_NAME = MoeMemos;
			};
			name = Release;
		};
/* End XCBuildConfiguration section */

/* Begin XCConfigurationList section */
		194B272828C3973400A48675 /* Build configuration list for PBXProject "MoeMemos" */ = {
			isa = XCConfigurationList;
			buildConfigurations = (
				194B274F28C3973600A48675 /* Debug */,
				194B275028C3973600A48675 /* Release */,
			);
			defaultConfigurationIsVisible = 0;
			defaultConfigurationName = Release;
		};
		194B275128C3973600A48675 /* Build configuration list for PBXNativeTarget "MoeMemos" */ = {
			isa = XCConfigurationList;
			buildConfigurations = (
				194B275228C3973600A48675 /* Debug */,
				194B275328C3973600A48675 /* Release */,
			);
			defaultConfigurationIsVisible = 0;
			defaultConfigurationName = Release;
		};
		194B275428C3973600A48675 /* Build configuration list for PBXNativeTarget "MoeMemosTests" */ = {
			isa = XCConfigurationList;
			buildConfigurations = (
				194B275528C3973600A48675 /* Debug */,
				194B275628C3973600A48675 /* Release */,
			);
			defaultConfigurationIsVisible = 0;
			defaultConfigurationName = Release;
		};
		194B275728C3973600A48675 /* Build configuration list for PBXNativeTarget "MoeMemosUITests" */ = {
			isa = XCConfigurationList;
			buildConfigurations = (
				194B275828C3973600A48675 /* Debug */,
				194B275928C3973600A48675 /* Release */,
			);
			defaultConfigurationIsVisible = 0;
			defaultConfigurationName = Release;
		};
/* End XCConfigurationList section */
	};
	rootObject = 194B272528C3973400A48675 /* Project object */;
}
