// !$*UTF8*$!
{
	archiveVersion = 1;
	classes = {
	};
	objectVersion = 55;
	objects = {

/* Begin PBXBuildFile section */
		190755992B66512200451E6D /* Markdown in Frameworks */ = {isa = PBXBuildFile; productRef = 190755982B66512200451E6D /* Markdown */; };
		1907559A2B66514700451E6D /* TagVisitor.swift in Sources */ = {isa = PBXBuildFile; fileRef = 193D274E29C8D85700BDE4A2 /* TagVisitor.swift */; };
		1911568A29802F200058F18B /* QuickLookRepresentable.swift in Sources */ = {isa = PBXBuildFile; fileRef = 1911568929802F200058F18B /* QuickLookRepresentable.swift */; };
		191339AF291D7288001F2B2E /* WidgetKit.framework in Frameworks */ = {isa = PBXBuildFile; fileRef = 191339AE291D7288001F2B2E /* WidgetKit.framework */; };
		191339B1291D7288001F2B2E /* SwiftUI.framework in Frameworks */ = {isa = PBXBuildFile; fileRef = 191339B0291D7288001F2B2E /* SwiftUI.framework */; };
		191339B4291D7288001F2B2E /* MoeMemosWidgetsBundle.swift in Sources */ = {isa = PBXBuildFile; fileRef = 191339B3291D7288001F2B2E /* MoeMemosWidgetsBundle.swift */; };
		191339B6291D7288001F2B2E /* MemosGraphWidget.swift in Sources */ = {isa = PBXBuildFile; fileRef = 191339B5291D7288001F2B2E /* MemosGraphWidget.swift */; };
		191339B9291D7289001F2B2E /* Assets.xcassets in Resources */ = {isa = PBXBuildFile; fileRef = 191339B8291D7289001F2B2E /* Assets.xcassets */; };
		191339BF291D7289001F2B2E /* MoeMemosWidgetsExtension.appex in Embed Foundation Extensions */ = {isa = PBXBuildFile; fileRef = 191339AC291D7288001F2B2E /* MoeMemosWidgetsExtension.appex */; settings = {ATTRIBUTES = (RemoveHeadersOnCopy, ); }; };
		191339C4291D763A001F2B2E /* MemosManager.swift in Sources */ = {isa = PBXBuildFile; fileRef = 19E6EF2229115A2800C998F5 /* MemosManager.swift */; };
		191339C5291D765B001F2B2E /* Memo.swift in Sources */ = {isa = PBXBuildFile; fileRef = 19F31BFA28C3E9B2000C5207 /* Memo.swift */; };
		191339C6291D7660001F2B2E /* Memos.swift in Sources */ = {isa = PBXBuildFile; fileRef = 195E5D6C28C7051F00784EF5 /* Memos.swift */; };
		191339C7291D7663001F2B2E /* MemosAPI.swift in Sources */ = {isa = PBXBuildFile; fileRef = 193DE92728C61488002651E0 /* MemosAPI.swift */; };
		191339C8291D766A001F2B2E /* User.swift in Sources */ = {isa = PBXBuildFile; fileRef = 193DE92028C5CFBB002651E0 /* User.swift */; };
		191339C9291D7672001F2B2E /* Resource.swift in Sources */ = {isa = PBXBuildFile; fileRef = 193AA89C28CCD38100FF7EB6 /* Resource.swift */; };
		191339CA291D7675001F2B2E /* Usage.swift in Sources */ = {isa = PBXBuildFile; fileRef = 199A657C28C4761100C39994 /* Usage.swift */; };
		191339CB291D7699001F2B2E /* HTTP.swift in Sources */ = {isa = PBXBuildFile; fileRef = 193DE92A28C619D9002651E0 /* HTTP.swift */; };
		191339CC291D769C001F2B2E /* FormData.swift in Sources */ = {isa = PBXBuildFile; fileRef = 193AA8A028CD12CD00FF7EB6 /* FormData.swift */; };
		191339CD291D76BB001F2B2E /* Error.swift in Sources */ = {isa = PBXBuildFile; fileRef = 193DE93128C652F7002651E0 /* Error.swift */; };
		191339CE291D76BD001F2B2E /* Constants.swift in Sources */ = {isa = PBXBuildFile; fileRef = 1973B7D62916308D003C3710 /* Constants.swift */; };
		191339CF291D7748001F2B2E /* Heatmap.swift in Sources */ = {isa = PBXBuildFile; fileRef = 1995E9CD28C46DC9004F2EDB /* Heatmap.swift */; };
		191339D0291D774B001F2B2E /* HeatmapStat.swift in Sources */ = {isa = PBXBuildFile; fileRef = 195E5D7028C70A3800784EF5 /* HeatmapStat.swift */; };
		191339D1291D7765001F2B2E /* Color.swift in Sources */ = {isa = PBXBuildFile; fileRef = 199A657A28C474BA00C39994 /* Color.swift */; };
		191339D2291D7785001F2B2E /* Date.swift in Sources */ = {isa = PBXBuildFile; fileRef = 195E5D6A28C704AC00784EF5 /* Date.swift */; };
		191339DC291D8F15001F2B2E /* MemoryWidget.swift in Sources */ = {isa = PBXBuildFile; fileRef = 191339DB291D8F15001F2B2E /* MemoryWidget.swift */; };
		1919FBE329CF6BDD00FEF570 /* ArchivedMemoCard.swift in Sources */ = {isa = PBXBuildFile; fileRef = 1919FBE229CF6BDD00FEF570 /* ArchivedMemoCard.swift */; };
		1919FBE529CF738300FEF570 /* ExploreViewModel.swift in Sources */ = {isa = PBXBuildFile; fileRef = 1919FBE429CF738300FEF570 /* ExploreViewModel.swift */; };
		1919FBE729CF77C900FEF570 /* ExploreMemoCard.swift in Sources */ = {isa = PBXBuildFile; fileRef = 1919FBE629CF77C900FEF570 /* ExploreMemoCard.swift */; };
		1919FBE929CF78BE00FEF570 /* Explore.swift in Sources */ = {isa = PBXBuildFile; fileRef = 1919FBE829CF78BE00FEF570 /* Explore.swift */; };
		192DF0F328C78BAD0077E785 /* ArchivedMemosList.swift in Sources */ = {isa = PBXBuildFile; fileRef = 192DF0F228C78BAD0077E785 /* ArchivedMemosList.swift */; };
		192DF0F528C7B71D0077E785 /* LegacyShareSheet.swift in Sources */ = {isa = PBXBuildFile; fileRef = 192DF0F428C7B71D0077E785 /* LegacyShareSheet.swift */; };
		1934C77C2921670600A169EC /* Attachment.swift in Sources */ = {isa = PBXBuildFile; fileRef = 1934C77B2921670600A169EC /* Attachment.swift */; };
		193938DC29CF682D0027939F /* MemoCardContent.swift in Sources */ = {isa = PBXBuildFile; fileRef = 193938DB29CF682D0027939F /* MemoCardContent.swift */; };
		193AA89B28CCD34A00FF7EB6 /* Resources.swift in Sources */ = {isa = PBXBuildFile; fileRef = 193AA89A28CCD34A00FF7EB6 /* Resources.swift */; };
		193AA89D28CCD38100FF7EB6 /* Resource.swift in Sources */ = {isa = PBXBuildFile; fileRef = 193AA89C28CCD38100FF7EB6 /* Resource.swift */; };
		193AA89F28CD080000FF7EB6 /* LegacyPhotoPicker.swift in Sources */ = {isa = PBXBuildFile; fileRef = 193AA89E28CD080000FF7EB6 /* LegacyPhotoPicker.swift */; };
		193AA8A128CD12CD00FF7EB6 /* FormData.swift in Sources */ = {isa = PBXBuildFile; fileRef = 193AA8A028CD12CD00FF7EB6 /* FormData.swift */; };
		193AA8A728CD9ED700FF7EB6 /* URL.swift in Sources */ = {isa = PBXBuildFile; fileRef = 193AA8A628CD9ED700FF7EB6 /* URL.swift */; };
		193AA8A928CDB27F00FF7EB6 /* ResourceCard.swift in Sources */ = {isa = PBXBuildFile; fileRef = 193AA8A828CDB27F00FF7EB6 /* ResourceCard.swift */; };
		193D274D29C8D1EB00BDE4A2 /* MarkdownUI in Frameworks */ = {isa = PBXBuildFile; productRef = 193D274C29C8D1EB00BDE4A2 /* MarkdownUI */; };
		193D274F29C8D85700BDE4A2 /* TagVisitor.swift in Sources */ = {isa = PBXBuildFile; fileRef = 193D274E29C8D85700BDE4A2 /* TagVisitor.swift */; };
		193DE92128C5CFBB002651E0 /* User.swift in Sources */ = {isa = PBXBuildFile; fileRef = 193DE92028C5CFBB002651E0 /* User.swift */; };
		193DE92328C5E267002651E0 /* Settings.swift in Sources */ = {isa = PBXBuildFile; fileRef = 193DE92228C5E267002651E0 /* Settings.swift */; };
		193DE92828C61488002651E0 /* MemosAPI.swift in Sources */ = {isa = PBXBuildFile; fileRef = 193DE92728C61488002651E0 /* MemosAPI.swift */; };
		193DE92B28C619D9002651E0 /* HTTP.swift in Sources */ = {isa = PBXBuildFile; fileRef = 193DE92A28C619D9002651E0 /* HTTP.swift */; };
		193DE93028C65104002651E0 /* MemosViewModel.swift in Sources */ = {isa = PBXBuildFile; fileRef = 193DE92F28C65104002651E0 /* MemosViewModel.swift */; };
		193DE93228C652F7002651E0 /* Error.swift in Sources */ = {isa = PBXBuildFile; fileRef = 193DE93128C652F7002651E0 /* Error.swift */; };
		193F04E229CCBA9C0010E3BF /* MoeMemosWidgets.intentdefinition in Sources */ = {isa = PBXBuildFile; fileRef = 193F04E529CCBA9C0010E3BF /* MoeMemosWidgets.intentdefinition */; };
		193F04E329CCBA9C0010E3BF /* MoeMemosWidgets.intentdefinition in Sources */ = {isa = PBXBuildFile; fileRef = 193F04E529CCBA9C0010E3BF /* MoeMemosWidgets.intentdefinition */; };
		194502F52A36341D00A70A03 /* TextView.swift in Sources */ = {isa = PBXBuildFile; fileRef = 194502F42A36341D00A70A03 /* TextView.swift */; };
		1948CCAD2996B3FA00AB1986 /* Localizable.strings in Resources */ = {isa = PBXBuildFile; fileRef = 1948CCAF2996B3FA00AB1986 /* Localizable.strings */; };
		194B273128C3973400A48675 /* MoeMemosApp.swift in Sources */ = {isa = PBXBuildFile; fileRef = 194B273028C3973400A48675 /* MoeMemosApp.swift */; };
		194B273328C3973400A48675 /* ContentView.swift in Sources */ = {isa = PBXBuildFile; fileRef = 194B273228C3973400A48675 /* ContentView.swift */; };
		194B273528C3973600A48675 /* Assets.xcassets in Resources */ = {isa = PBXBuildFile; fileRef = 194B273428C3973600A48675 /* Assets.xcassets */; };
		194B273828C3973600A48675 /* Preview Assets.xcassets in Resources */ = {isa = PBXBuildFile; fileRef = 194B273728C3973600A48675 /* Preview Assets.xcassets */; };
		194B274228C3973600A48675 /* MoeMemosTests.swift in Sources */ = {isa = PBXBuildFile; fileRef = 194B274128C3973600A48675 /* MoeMemosTests.swift */; };
		194B274C28C3973600A48675 /* MoeMemosUITests.swift in Sources */ = {isa = PBXBuildFile; fileRef = 194B274B28C3973600A48675 /* MoeMemosUITests.swift */; };
		194B274E28C3973600A48675 /* MoeMemosUITestsLaunchTests.swift in Sources */ = {isa = PBXBuildFile; fileRef = 194B274D28C3973600A48675 /* MoeMemosUITestsLaunchTests.swift */; };
		195E5AD328C84E4F00CD4674 /* AlertToast.swift in Sources */ = {isa = PBXBuildFile; fileRef = 195E5AD228C84E4F00CD4674 /* AlertToast.swift */; };
		195E5D6B28C704AC00784EF5 /* Date.swift in Sources */ = {isa = PBXBuildFile; fileRef = 195E5D6A28C704AC00784EF5 /* Date.swift */; };
		195E5D6D28C7051F00784EF5 /* Memos.swift in Sources */ = {isa = PBXBuildFile; fileRef = 195E5D6C28C7051F00784EF5 /* Memos.swift */; };
		195E5D7128C70A3800784EF5 /* HeatmapStat.swift in Sources */ = {isa = PBXBuildFile; fileRef = 195E5D7028C70A3800784EF5 /* HeatmapStat.swift */; };
		1968555F2B00719A009D7DC5 /* AppInfo.swift in Sources */ = {isa = PBXBuildFile; fileRef = 1968555E2B00719A009D7DC5 /* AppInfo.swift */; };
		19709CFC297F2C1900F6A144 /* MemoInputResourceView.swift in Sources */ = {isa = PBXBuildFile; fileRef = 19709CFB297F2C1900F6A144 /* MemoInputResourceView.swift */; };
		1973B7D72916308D003C3710 /* Constants.swift in Sources */ = {isa = PBXBuildFile; fileRef = 1973B7D62916308D003C3710 /* Constants.swift */; };
		197A4D3329599C300027427E /* MemoCardImageView.swift in Sources */ = {isa = PBXBuildFile; fileRef = 197A4D3229599C300027427E /* MemoCardImageView.swift */; };
		197C21A6293A2DCC00110EE5 /* AlertToast.swift in Sources */ = {isa = PBXBuildFile; fileRef = 195E5AD228C84E4F00CD4674 /* AlertToast.swift */; };
		197D9D47292D4B160033AF33 /* ImagePicker.swift in Sources */ = {isa = PBXBuildFile; fileRef = 197D9D46292D4B160033AF33 /* ImagePicker.swift */; };
		1995E9CE28C46DC9004F2EDB /* Heatmap.swift in Sources */ = {isa = PBXBuildFile; fileRef = 1995E9CD28C46DC9004F2EDB /* Heatmap.swift */; };
		19996E6029118AF6001E3583 /* NavLink.swift in Sources */ = {isa = PBXBuildFile; fileRef = 19996E5F29118AF6001E3583 /* NavLink.swift */; };
		199A657B28C474BA00C39994 /* Color.swift in Sources */ = {isa = PBXBuildFile; fileRef = 199A657A28C474BA00C39994 /* Color.swift */; };
		199A657D28C4761100C39994 /* Usage.swift in Sources */ = {isa = PBXBuildFile; fileRef = 199A657C28C4761100C39994 /* Usage.swift */; };
		199A657F28C47D7C00C39994 /* Sidebar.swift in Sources */ = {isa = PBXBuildFile; fileRef = 199A657E28C47D7C00C39994 /* Sidebar.swift */; };
		199A658128C48A6200C39994 /* Login.swift in Sources */ = {isa = PBXBuildFile; fileRef = 199A658028C48A6200C39994 /* Login.swift */; };
		19A547822986E3670000E71A /* Status.swift in Sources */ = {isa = PBXBuildFile; fileRef = 19A547812986E3670000E71A /* Status.swift */; };
		19A547832986E4C10000E71A /* Status.swift in Sources */ = {isa = PBXBuildFile; fileRef = 19A547812986E3670000E71A /* Status.swift */; };
		19A547842986E4C20000E71A /* Status.swift in Sources */ = {isa = PBXBuildFile; fileRef = 19A547812986E3670000E71A /* Status.swift */; };
		19B3B79529CEB9C5007E2997 /* Localizable.strings in Resources */ = {isa = PBXBuildFile; fileRef = 1948CCAF2996B3FA00AB1986 /* Localizable.strings */; };
		19B3B79629CEBCC0007E2997 /* Localizable.strings in Resources */ = {isa = PBXBuildFile; fileRef = 1948CCAF2996B3FA00AB1986 /* Localizable.strings */; };
		19B5CFFA2939BB9700140294 /* Memos.swift in Sources */ = {isa = PBXBuildFile; fileRef = 195E5D6C28C7051F00784EF5 /* Memos.swift */; };
		19B5CFFB2939BB9B00140294 /* MemosAPI.swift in Sources */ = {isa = PBXBuildFile; fileRef = 193DE92728C61488002651E0 /* MemosAPI.swift */; };
		19B5CFFC2939BBCA00140294 /* Error.swift in Sources */ = {isa = PBXBuildFile; fileRef = 193DE93128C652F7002651E0 /* Error.swift */; };
		19B5CFFD2939BC1300140294 /* Constants.swift in Sources */ = {isa = PBXBuildFile; fileRef = 1973B7D62916308D003C3710 /* Constants.swift */; };
		19B5CFFE2939BC2300140294 /* HTTP.swift in Sources */ = {isa = PBXBuildFile; fileRef = 193DE92A28C619D9002651E0 /* HTTP.swift */; };
		19B5CFFF2939BC2F00140294 /* Memo.swift in Sources */ = {isa = PBXBuildFile; fileRef = 19F31BFA28C3E9B2000C5207 /* Memo.swift */; };
		19B5D0002939BC3200140294 /* User.swift in Sources */ = {isa = PBXBuildFile; fileRef = 193DE92028C5CFBB002651E0 /* User.swift */; };
		19B5D0012939BC3D00140294 /* Resource.swift in Sources */ = {isa = PBXBuildFile; fileRef = 193AA89C28CCD38100FF7EB6 /* Resource.swift */; };
		19B5D0022939BC4800140294 /* FormData.swift in Sources */ = {isa = PBXBuildFile; fileRef = 193AA8A028CD12CD00FF7EB6 /* FormData.swift */; };
		19C569A42912493A00745F9D /* ArchivedMemoListViewModel.swift in Sources */ = {isa = PBXBuildFile; fileRef = 19C569A32912493A00745F9D /* ArchivedMemoListViewModel.swift */; };
		19C569AA29125BB200745F9D /* ResourceManager.swift in Sources */ = {isa = PBXBuildFile; fileRef = 19C569A929125BB200745F9D /* ResourceManager.swift */; };
		19C569AC29125C0700745F9D /* ResourceListViewModel.swift in Sources */ = {isa = PBXBuildFile; fileRef = 19C569AB29125C0700745F9D /* ResourceListViewModel.swift */; };
		19E1C5BE28C4F6410072CEEF /* Stats.swift in Sources */ = {isa = PBXBuildFile; fileRef = 19E1C5BD28C4F6410072CEEF /* Stats.swift */; };
		19E1C5C028C5191D0072CEEF /* MemoInput.swift in Sources */ = {isa = PBXBuildFile; fileRef = 19E1C5BF28C5191D0072CEEF /* MemoInput.swift */; };
		19E29A6B2938FBCD00BE9C32 /* ShareViewController.swift in Sources */ = {isa = PBXBuildFile; fileRef = 19E29A6A2938FBCD00BE9C32 /* ShareViewController.swift */; };
		19E29A6E2938FBCD00BE9C32 /* MainInterface.storyboard in Resources */ = {isa = PBXBuildFile; fileRef = 19E29A6C2938FBCD00BE9C32 /* MainInterface.storyboard */; };
		19E29A722938FBCD00BE9C32 /* MoeMemosShareExtension.appex in Embed Foundation Extensions */ = {isa = PBXBuildFile; fileRef = 19E29A682938FBCD00BE9C32 /* MoeMemosShareExtension.appex */; settings = {ATTRIBUTES = (RemoveHeadersOnCopy, ); }; };
		19E29A782938FCE000BE9C32 /* MoeMemosShareView.swift in Sources */ = {isa = PBXBuildFile; fileRef = 19E29A772938FCE000BE9C32 /* MoeMemosShareView.swift */; };
		19E29A7D2939A94400BE9C32 /* NSItemProvider.swift in Sources */ = {isa = PBXBuildFile; fileRef = 19E29A7C2939A94400BE9C32 /* NSItemProvider.swift */; };
		19E29A7E2939AC5000BE9C32 /* NSItemProvider.swift in Sources */ = {isa = PBXBuildFile; fileRef = 19E29A7C2939A94400BE9C32 /* NSItemProvider.swift */; };
		19E6EF1F29113EC900C998F5 /* MemoInputViewModel.swift in Sources */ = {isa = PBXBuildFile; fileRef = 19E6EF1E29113EC900C998F5 /* MemoInputViewModel.swift */; };
		19E6EF2129113FDA00C998F5 /* UserState.swift in Sources */ = {isa = PBXBuildFile; fileRef = 19E6EF2029113FDA00C998F5 /* UserState.swift */; };
		19E6EF2329115A2800C998F5 /* MemosManager.swift in Sources */ = {isa = PBXBuildFile; fileRef = 19E6EF2229115A2800C998F5 /* MemosManager.swift */; };
		19E866612AB84EBA00E33521 /* KeychainSwift in Frameworks */ = {isa = PBXBuildFile; productRef = 19E866602AB84EBA00E33521 /* KeychainSwift */; };
		19E866632AB851E200E33521 /* KeychainSwift in Frameworks */ = {isa = PBXBuildFile; productRef = 19E866622AB851E200E33521 /* KeychainSwift */; };
		19E866652AB851E800E33521 /* KeychainSwift in Frameworks */ = {isa = PBXBuildFile; productRef = 19E866642AB851E800E33521 /* KeychainSwift */; };
		19F31BF728C3E26D000C5207 /* MemosList.swift in Sources */ = {isa = PBXBuildFile; fileRef = 19F31BF628C3E26D000C5207 /* MemosList.swift */; };
		19F31BFB28C3E9B2000C5207 /* Memo.swift in Sources */ = {isa = PBXBuildFile; fileRef = 19F31BFA28C3E9B2000C5207 /* Memo.swift */; };
		19F31BFD28C3ED11000C5207 /* MemoCard.swift in Sources */ = {isa = PBXBuildFile; fileRef = 19F31BFC28C3ED11000C5207 /* MemoCard.swift */; };
		19FC1C7C290DA47C0078A7F2 /* Route.swift in Sources */ = {isa = PBXBuildFile; fileRef = 19FC1C7B290DA47C0078A7F2 /* Route.swift */; };
		19FC1C7E290DA6E90078A7F2 /* Navigation.swift in Sources */ = {isa = PBXBuildFile; fileRef = 19FC1C7D290DA6E90078A7F2 /* Navigation.swift */; };
		31EE785629B83D1B005F62D0 /* LazyImageProvider.swift in Sources */ = {isa = PBXBuildFile; fileRef = 31EE785529B83D1B005F62D0 /* LazyImageProvider.swift */; };
		31EE785F29B9E6F4005F62D0 /* Highlightr in Frameworks */ = {isa = PBXBuildFile; productRef = 31EE785E29B9E6F4005F62D0 /* Highlightr */; };
		31EE786129B9F3A2005F62D0 /* Highlighter.swift in Sources */ = {isa = PBXBuildFile; fileRef = 31EE786029B9F3A2005F62D0 /* Highlighter.swift */; };
/* End PBXBuildFile section */

/* Begin PBXContainerItemProxy section */
		191339BD291D7289001F2B2E /* PBXContainerItemProxy */ = {
			isa = PBXContainerItemProxy;
			containerPortal = 194B272528C3973400A48675 /* Project object */;
			proxyType = 1;
			remoteGlobalIDString = 191339AB291D7288001F2B2E;
			remoteInfo = MoeMemosWidgetsExtension;
		};
		194B273E28C3973600A48675 /* PBXContainerItemProxy */ = {
			isa = PBXContainerItemProxy;
			containerPortal = 194B272528C3973400A48675 /* Project object */;
			proxyType = 1;
			remoteGlobalIDString = 194B272C28C3973400A48675;
			remoteInfo = MoeMemos;
		};
		194B274828C3973600A48675 /* PBXContainerItemProxy */ = {
			isa = PBXContainerItemProxy;
			containerPortal = 194B272528C3973400A48675 /* Project object */;
			proxyType = 1;
			remoteGlobalIDString = 194B272C28C3973400A48675;
			remoteInfo = MoeMemos;
		};
		19E29A702938FBCD00BE9C32 /* PBXContainerItemProxy */ = {
			isa = PBXContainerItemProxy;
			containerPortal = 194B272528C3973400A48675 /* Project object */;
			proxyType = 1;
			remoteGlobalIDString = 19E29A672938FBCD00BE9C32;
			remoteInfo = MoeMemosShareExtension;
		};
/* End PBXContainerItemProxy section */

/* Begin PBXCopyFilesBuildPhase section */
		191339C0291D7289001F2B2E /* Embed Foundation Extensions */ = {
			isa = PBXCopyFilesBuildPhase;
			buildActionMask = 2147483647;
			dstPath = "";
			dstSubfolderSpec = 13;
			files = (
				19E29A722938FBCD00BE9C32 /* MoeMemosShareExtension.appex in Embed Foundation Extensions */,
				191339BF291D7289001F2B2E /* MoeMemosWidgetsExtension.appex in Embed Foundation Extensions */,
			);
			name = "Embed Foundation Extensions";
			runOnlyForDeploymentPostprocessing = 0;
		};
/* End PBXCopyFilesBuildPhase section */

/* Begin PBXFileReference section */
		190322DC2A82929300CAA50D /* de */ = {isa = PBXFileReference; lastKnownFileType = text.plist.strings; name = de; path = de.lproj/MainInterface.strings; sourceTree = "<group>"; };
		190322DD2A82929300CAA50D /* de */ = {isa = PBXFileReference; lastKnownFileType = text.plist.strings; name = de; path = de.lproj/MoeMemosWidgets.strings; sourceTree = "<group>"; };
		190322DE2A82929300CAA50D /* de */ = {isa = PBXFileReference; lastKnownFileType = text.plist.strings; name = de; path = de.lproj/Localizable.strings; sourceTree = "<group>"; };
		1911568929802F200058F18B /* QuickLookRepresentable.swift */ = {isa = PBXFileReference; lastKnownFileType = sourcecode.swift; path = QuickLookRepresentable.swift; sourceTree = "<group>"; };
		191339AC291D7288001F2B2E /* MoeMemosWidgetsExtension.appex */ = {isa = PBXFileReference; explicitFileType = "wrapper.app-extension"; includeInIndex = 0; path = MoeMemosWidgetsExtension.appex; sourceTree = BUILT_PRODUCTS_DIR; };
		191339AE291D7288001F2B2E /* WidgetKit.framework */ = {isa = PBXFileReference; lastKnownFileType = wrapper.framework; name = WidgetKit.framework; path = System/Library/Frameworks/WidgetKit.framework; sourceTree = SDKROOT; };
		191339B0291D7288001F2B2E /* SwiftUI.framework */ = {isa = PBXFileReference; lastKnownFileType = wrapper.framework; name = SwiftUI.framework; path = System/Library/Frameworks/SwiftUI.framework; sourceTree = SDKROOT; };
		191339B3291D7288001F2B2E /* MoeMemosWidgetsBundle.swift */ = {isa = PBXFileReference; lastKnownFileType = sourcecode.swift; path = MoeMemosWidgetsBundle.swift; sourceTree = "<group>"; };
		191339B5291D7288001F2B2E /* MemosGraphWidget.swift */ = {isa = PBXFileReference; lastKnownFileType = sourcecode.swift; path = MemosGraphWidget.swift; sourceTree = "<group>"; };
		191339B8291D7289001F2B2E /* Assets.xcassets */ = {isa = PBXFileReference; lastKnownFileType = folder.assetcatalog; path = Assets.xcassets; sourceTree = "<group>"; };
		191339BA291D7289001F2B2E /* Info.plist */ = {isa = PBXFileReference; lastKnownFileType = text.plist.xml; path = Info.plist; sourceTree = "<group>"; };
		191339D3291D7F13001F2B2E /* MoeMemosWidgetsExtension.entitlements */ = {isa = PBXFileReference; lastKnownFileType = text.plist.entitlements; path = MoeMemosWidgetsExtension.entitlements; sourceTree = "<group>"; };
		191339DB291D8F15001F2B2E /* MemoryWidget.swift */ = {isa = PBXFileReference; fileEncoding = 4; lastKnownFileType = sourcecode.swift; path = MemoryWidget.swift; sourceTree = "<group>"; };
		1919FBE229CF6BDD00FEF570 /* ArchivedMemoCard.swift */ = {isa = PBXFileReference; lastKnownFileType = sourcecode.swift; path = ArchivedMemoCard.swift; sourceTree = "<group>"; };
		1919FBE429CF738300FEF570 /* ExploreViewModel.swift */ = {isa = PBXFileReference; lastKnownFileType = sourcecode.swift; path = ExploreViewModel.swift; sourceTree = "<group>"; };
		1919FBE629CF77C900FEF570 /* ExploreMemoCard.swift */ = {isa = PBXFileReference; lastKnownFileType = sourcecode.swift; path = ExploreMemoCard.swift; sourceTree = "<group>"; };
		1919FBE829CF78BE00FEF570 /* Explore.swift */ = {isa = PBXFileReference; lastKnownFileType = sourcecode.swift; path = Explore.swift; sourceTree = "<group>"; };
		191C49ED2B2D79A40097B98E /* fr */ = {isa = PBXFileReference; lastKnownFileType = text.plist.strings; name = fr; path = fr.lproj/Localizable.strings; sourceTree = "<group>"; };
		191C49EE2B2D7DAB0097B98E /* it */ = {isa = PBXFileReference; lastKnownFileType = text.plist.strings; name = it; path = it.lproj/Localizable.strings; sourceTree = "<group>"; };
		192383F32B6659DC00D2C9DA /* fr */ = {isa = PBXFileReference; lastKnownFileType = text.plist.strings; name = fr; path = fr.lproj/MoeMemosWidgets.strings; sourceTree = "<group>"; };
		192383F52B6659DD00D2C9DA /* it */ = {isa = PBXFileReference; lastKnownFileType = text.plist.strings; name = it; path = it.lproj/MoeMemosWidgets.strings; sourceTree = "<group>"; };
		192DF0F228C78BAD0077E785 /* ArchivedMemosList.swift */ = {isa = PBXFileReference; lastKnownFileType = sourcecode.swift; path = ArchivedMemosList.swift; sourceTree = "<group>"; };
		192DF0F428C7B71D0077E785 /* LegacyShareSheet.swift */ = {isa = PBXFileReference; lastKnownFileType = sourcecode.swift; path = LegacyShareSheet.swift; sourceTree = "<group>"; };
		1934C77B2921670600A169EC /* Attachment.swift */ = {isa = PBXFileReference; lastKnownFileType = sourcecode.swift; path = Attachment.swift; sourceTree = "<group>"; };
		193938DB29CF682D0027939F /* MemoCardContent.swift */ = {isa = PBXFileReference; lastKnownFileType = sourcecode.swift; path = MemoCardContent.swift; sourceTree = "<group>"; };
		193AA89A28CCD34A00FF7EB6 /* Resources.swift */ = {isa = PBXFileReference; lastKnownFileType = sourcecode.swift; path = Resources.swift; sourceTree = "<group>"; };
		193AA89C28CCD38100FF7EB6 /* Resource.swift */ = {isa = PBXFileReference; lastKnownFileType = sourcecode.swift; path = Resource.swift; sourceTree = "<group>"; };
		193AA89E28CD080000FF7EB6 /* LegacyPhotoPicker.swift */ = {isa = PBXFileReference; lastKnownFileType = sourcecode.swift; path = LegacyPhotoPicker.swift; sourceTree = "<group>"; };
		193AA8A028CD12CD00FF7EB6 /* FormData.swift */ = {isa = PBXFileReference; lastKnownFileType = sourcecode.swift; path = FormData.swift; sourceTree = "<group>"; };
		193AA8A628CD9ED700FF7EB6 /* URL.swift */ = {isa = PBXFileReference; lastKnownFileType = sourcecode.swift; path = URL.swift; sourceTree = "<group>"; };
		193AA8A828CDB27F00FF7EB6 /* ResourceCard.swift */ = {isa = PBXFileReference; lastKnownFileType = sourcecode.swift; path = ResourceCard.swift; sourceTree = "<group>"; };
		193D274E29C8D85700BDE4A2 /* TagVisitor.swift */ = {isa = PBXFileReference; lastKnownFileType = sourcecode.swift; path = TagVisitor.swift; sourceTree = "<group>"; };
		193DE92028C5CFBB002651E0 /* User.swift */ = {isa = PBXFileReference; lastKnownFileType = sourcecode.swift; path = User.swift; sourceTree = "<group>"; };
		193DE92228C5E267002651E0 /* Settings.swift */ = {isa = PBXFileReference; lastKnownFileType = sourcecode.swift; path = Settings.swift; sourceTree = "<group>"; };
		193DE92728C61488002651E0 /* MemosAPI.swift */ = {isa = PBXFileReference; lastKnownFileType = sourcecode.swift; path = MemosAPI.swift; sourceTree = "<group>"; };
		193DE92A28C619D9002651E0 /* HTTP.swift */ = {isa = PBXFileReference; lastKnownFileType = sourcecode.swift; path = HTTP.swift; sourceTree = "<group>"; };
		193DE92F28C65104002651E0 /* MemosViewModel.swift */ = {isa = PBXFileReference; lastKnownFileType = sourcecode.swift; path = MemosViewModel.swift; sourceTree = "<group>"; };
		193DE93128C652F7002651E0 /* Error.swift */ = {isa = PBXFileReference; lastKnownFileType = sourcecode.swift; path = Error.swift; sourceTree = "<group>"; };
		193F04E129CCBA320010E3BF /* Base */ = {isa = PBXFileReference; lastKnownFileType = file.storyboard; name = Base; path = Base.lproj/MainInterface.storyboard; sourceTree = "<group>"; };
		193F04E429CCBA9C0010E3BF /* Base */ = {isa = PBXFileReference; lastKnownFileType = file.intentdefinition; name = Base; path = Base.lproj/MoeMemosWidgets.intentdefinition; sourceTree = "<group>"; };
		193F04E729CCBAB40010E3BF /* zh-Hans */ = {isa = PBXFileReference; lastKnownFileType = text.plist.strings; name = "zh-Hans"; path = "zh-Hans.lproj/MoeMemosWidgets.strings"; sourceTree = "<group>"; };
		193F04E929CCBAB70010E3BF /* zh-Hant */ = {isa = PBXFileReference; lastKnownFileType = text.plist.strings; name = "zh-Hant"; path = "zh-Hant.lproj/MoeMemosWidgets.strings"; sourceTree = "<group>"; };
		194502F42A36341D00A70A03 /* TextView.swift */ = {isa = PBXFileReference; lastKnownFileType = sourcecode.swift; path = TextView.swift; sourceTree = "<group>"; };
		1948CCAE2996B3FA00AB1986 /* en */ = {isa = PBXFileReference; lastKnownFileType = text.plist.strings; name = en; path = en.lproj/Localizable.strings; sourceTree = "<group>"; };
		1948CCB12996BB6C00AB1986 /* zh-Hans */ = {isa = PBXFileReference; lastKnownFileType = text.plist.strings; name = "zh-Hans"; path = "zh-Hans.lproj/Localizable.strings"; sourceTree = "<group>"; };
		1948CCB32996BEEA00AB1986 /* zh-Hant */ = {isa = PBXFileReference; lastKnownFileType = text.plist.strings; name = "zh-Hant"; path = "zh-Hant.lproj/Localizable.strings"; sourceTree = "<group>"; };
		1948CCB92996BFDF00AB1986 /* zh-Hans */ = {isa = PBXFileReference; lastKnownFileType = text.plist.strings; name = "zh-Hans"; path = "zh-Hans.lproj/MainInterface.strings"; sourceTree = "<group>"; };
		1948CCBA2996BFE200AB1986 /* zh-Hant */ = {isa = PBXFileReference; lastKnownFileType = text.plist.strings; name = "zh-Hant"; path = "zh-Hant.lproj/MainInterface.strings"; sourceTree = "<group>"; };
		194B272D28C3973400A48675 /* MoeMemos.app */ = {isa = PBXFileReference; explicitFileType = wrapper.application; includeInIndex = 0; path = MoeMemos.app; sourceTree = BUILT_PRODUCTS_DIR; };
		194B273028C3973400A48675 /* MoeMemosApp.swift */ = {isa = PBXFileReference; lastKnownFileType = sourcecode.swift; path = MoeMemosApp.swift; sourceTree = "<group>"; };
		194B273228C3973400A48675 /* ContentView.swift */ = {isa = PBXFileReference; lastKnownFileType = sourcecode.swift; path = ContentView.swift; sourceTree = "<group>"; };
		194B273428C3973600A48675 /* Assets.xcassets */ = {isa = PBXFileReference; lastKnownFileType = folder.assetcatalog; path = Assets.xcassets; sourceTree = "<group>"; };
		194B273728C3973600A48675 /* Preview Assets.xcassets */ = {isa = PBXFileReference; lastKnownFileType = folder.assetcatalog; path = "Preview Assets.xcassets"; sourceTree = "<group>"; };
		194B273D28C3973600A48675 /* MoeMemosTests.xctest */ = {isa = PBXFileReference; explicitFileType = wrapper.cfbundle; includeInIndex = 0; path = MoeMemosTests.xctest; sourceTree = BUILT_PRODUCTS_DIR; };
		194B274128C3973600A48675 /* MoeMemosTests.swift */ = {isa = PBXFileReference; lastKnownFileType = sourcecode.swift; path = MoeMemosTests.swift; sourceTree = "<group>"; };
		194B274728C3973600A48675 /* MoeMemosUITests.xctest */ = {isa = PBXFileReference; explicitFileType = wrapper.cfbundle; includeInIndex = 0; path = MoeMemosUITests.xctest; sourceTree = BUILT_PRODUCTS_DIR; };
		194B274B28C3973600A48675 /* MoeMemosUITests.swift */ = {isa = PBXFileReference; lastKnownFileType = sourcecode.swift; path = MoeMemosUITests.swift; sourceTree = "<group>"; };
		194B274D28C3973600A48675 /* MoeMemosUITestsLaunchTests.swift */ = {isa = PBXFileReference; lastKnownFileType = sourcecode.swift; path = MoeMemosUITestsLaunchTests.swift; sourceTree = "<group>"; };
		19558A442912CEA60070CAF9 /* Info.plist */ = {isa = PBXFileReference; lastKnownFileType = text.plist; path = Info.plist; sourceTree = "<group>"; };
		195E5AD228C84E4F00CD4674 /* AlertToast.swift */ = {isa = PBXFileReference; lastKnownFileType = sourcecode.swift; path = AlertToast.swift; sourceTree = "<group>"; };
		195E5D6A28C704AC00784EF5 /* Date.swift */ = {isa = PBXFileReference; lastKnownFileType = sourcecode.swift; path = Date.swift; sourceTree = "<group>"; };
		195E5D6C28C7051F00784EF5 /* Memos.swift */ = {isa = PBXFileReference; lastKnownFileType = sourcecode.swift; path = Memos.swift; sourceTree = "<group>"; };
		195E5D7028C70A3800784EF5 /* HeatmapStat.swift */ = {isa = PBXFileReference; lastKnownFileType = sourcecode.swift; path = HeatmapStat.swift; sourceTree = "<group>"; };
		1968555E2B00719A009D7DC5 /* AppInfo.swift */ = {isa = PBXFileReference; lastKnownFileType = sourcecode.swift; path = AppInfo.swift; sourceTree = "<group>"; };
		19709CFB297F2C1900F6A144 /* MemoInputResourceView.swift */ = {isa = PBXFileReference; lastKnownFileType = sourcecode.swift; path = MemoInputResourceView.swift; sourceTree = "<group>"; };
		1973B7D529160F48003C3710 /* MoeMemos.entitlements */ = {isa = PBXFileReference; lastKnownFileType = text.plist.entitlements; path = MoeMemos.entitlements; sourceTree = "<group>"; };
		1973B7D62916308D003C3710 /* Constants.swift */ = {isa = PBXFileReference; lastKnownFileType = sourcecode.swift; path = Constants.swift; sourceTree = "<group>"; };
		197A4D3229599C300027427E /* MemoCardImageView.swift */ = {isa = PBXFileReference; lastKnownFileType = sourcecode.swift; path = MemoCardImageView.swift; sourceTree = "<group>"; };
		197D9D46292D4B160033AF33 /* ImagePicker.swift */ = {isa = PBXFileReference; lastKnownFileType = sourcecode.swift; path = ImagePicker.swift; sourceTree = "<group>"; };
		1995E9CD28C46DC9004F2EDB /* Heatmap.swift */ = {isa = PBXFileReference; lastKnownFileType = sourcecode.swift; path = Heatmap.swift; sourceTree = "<group>"; };
		19996E5F29118AF6001E3583 /* NavLink.swift */ = {isa = PBXFileReference; lastKnownFileType = sourcecode.swift; path = NavLink.swift; sourceTree = "<group>"; };
		199A657A28C474BA00C39994 /* Color.swift */ = {isa = PBXFileReference; lastKnownFileType = sourcecode.swift; path = Color.swift; sourceTree = "<group>"; };
		199A657C28C4761100C39994 /* Usage.swift */ = {isa = PBXFileReference; lastKnownFileType = sourcecode.swift; path = Usage.swift; sourceTree = "<group>"; };
		199A657E28C47D7C00C39994 /* Sidebar.swift */ = {isa = PBXFileReference; lastKnownFileType = sourcecode.swift; path = Sidebar.swift; sourceTree = "<group>"; };
		199A658028C48A6200C39994 /* Login.swift */ = {isa = PBXFileReference; lastKnownFileType = sourcecode.swift; path = Login.swift; sourceTree = "<group>"; };
		19A547812986E3670000E71A /* Status.swift */ = {isa = PBXFileReference; lastKnownFileType = sourcecode.swift; path = Status.swift; sourceTree = "<group>"; };
		19C569A32912493A00745F9D /* ArchivedMemoListViewModel.swift */ = {isa = PBXFileReference; lastKnownFileType = sourcecode.swift; path = ArchivedMemoListViewModel.swift; sourceTree = "<group>"; };
		19C569A929125BB200745F9D /* ResourceManager.swift */ = {isa = PBXFileReference; lastKnownFileType = sourcecode.swift; path = ResourceManager.swift; sourceTree = "<group>"; };
		19C569AB29125C0700745F9D /* ResourceListViewModel.swift */ = {isa = PBXFileReference; lastKnownFileType = sourcecode.swift; path = ResourceListViewModel.swift; sourceTree = "<group>"; };
		19E1C5BD28C4F6410072CEEF /* Stats.swift */ = {isa = PBXFileReference; lastKnownFileType = sourcecode.swift; path = Stats.swift; sourceTree = "<group>"; };
		19E1C5BF28C5191D0072CEEF /* MemoInput.swift */ = {isa = PBXFileReference; lastKnownFileType = sourcecode.swift; path = MemoInput.swift; sourceTree = "<group>"; };
		19E29A682938FBCD00BE9C32 /* MoeMemosShareExtension.appex */ = {isa = PBXFileReference; explicitFileType = "wrapper.app-extension"; includeInIndex = 0; path = MoeMemosShareExtension.appex; sourceTree = BUILT_PRODUCTS_DIR; };
		19E29A6A2938FBCD00BE9C32 /* ShareViewController.swift */ = {isa = PBXFileReference; lastKnownFileType = sourcecode.swift; path = ShareViewController.swift; sourceTree = "<group>"; };
		19E29A6F2938FBCD00BE9C32 /* Info.plist */ = {isa = PBXFileReference; lastKnownFileType = text.plist.xml; path = Info.plist; sourceTree = "<group>"; };
		19E29A762938FC1400BE9C32 /* MoeMemosShareExtension.entitlements */ = {isa = PBXFileReference; lastKnownFileType = text.plist.entitlements; path = MoeMemosShareExtension.entitlements; sourceTree = "<group>"; };
		19E29A772938FCE000BE9C32 /* MoeMemosShareView.swift */ = {isa = PBXFileReference; lastKnownFileType = sourcecode.swift; path = MoeMemosShareView.swift; sourceTree = "<group>"; };
		19E29A7C2939A94400BE9C32 /* NSItemProvider.swift */ = {isa = PBXFileReference; lastKnownFileType = sourcecode.swift; path = NSItemProvider.swift; sourceTree = "<group>"; };
		19E6EF1E29113EC900C998F5 /* MemoInputViewModel.swift */ = {isa = PBXFileReference; lastKnownFileType = sourcecode.swift; path = MemoInputViewModel.swift; sourceTree = "<group>"; };
		19E6EF2029113FDA00C998F5 /* UserState.swift */ = {isa = PBXFileReference; lastKnownFileType = sourcecode.swift; path = UserState.swift; sourceTree = "<group>"; };
		19E6EF2229115A2800C998F5 /* MemosManager.swift */ = {isa = PBXFileReference; lastKnownFileType = sourcecode.swift; path = MemosManager.swift; sourceTree = "<group>"; };
		19F31BF628C3E26D000C5207 /* MemosList.swift */ = {isa = PBXFileReference; lastKnownFileType = sourcecode.swift; path = MemosList.swift; sourceTree = "<group>"; };
		19F31BFA28C3E9B2000C5207 /* Memo.swift */ = {isa = PBXFileReference; lastKnownFileType = sourcecode.swift; path = Memo.swift; sourceTree = "<group>"; };
		19F31BFC28C3ED11000C5207 /* MemoCard.swift */ = {isa = PBXFileReference; lastKnownFileType = sourcecode.swift; path = MemoCard.swift; sourceTree = "<group>"; };
		19FC1C7B290DA47C0078A7F2 /* Route.swift */ = {isa = PBXFileReference; lastKnownFileType = sourcecode.swift; path = Route.swift; sourceTree = "<group>"; };
		19FC1C7D290DA6E90078A7F2 /* Navigation.swift */ = {isa = PBXFileReference; lastKnownFileType = sourcecode.swift; path = Navigation.swift; sourceTree = "<group>"; };
		31EE785529B83D1B005F62D0 /* LazyImageProvider.swift */ = {isa = PBXFileReference; lastKnownFileType = sourcecode.swift; path = LazyImageProvider.swift; sourceTree = "<group>"; };
		31EE786029B9F3A2005F62D0 /* Highlighter.swift */ = {isa = PBXFileReference; lastKnownFileType = sourcecode.swift; path = Highlighter.swift; sourceTree = "<group>"; };
/* End PBXFileReference section */

/* Begin PBXFrameworksBuildPhase section */
		191339A9291D7288001F2B2E /* Frameworks */ = {
			isa = PBXFrameworksBuildPhase;
			buildActionMask = 2147483647;
			files = (
				19E866632AB851E200E33521 /* KeychainSwift in Frameworks */,
				191339B1291D7288001F2B2E /* SwiftUI.framework in Frameworks */,
				191339AF291D7288001F2B2E /* WidgetKit.framework in Frameworks */,
			);
			runOnlyForDeploymentPostprocessing = 0;
		};
		194B272A28C3973400A48675 /* Frameworks */ = {
			isa = PBXFrameworksBuildPhase;
			buildActionMask = 2147483647;
			files = (
				19E866612AB84EBA00E33521 /* KeychainSwift in Frameworks */,
				193D274D29C8D1EB00BDE4A2 /* MarkdownUI in Frameworks */,
				31EE785F29B9E6F4005F62D0 /* Highlightr in Frameworks */,
			);
			runOnlyForDeploymentPostprocessing = 0;
		};
		194B273A28C3973600A48675 /* Frameworks */ = {
			isa = PBXFrameworksBuildPhase;
			buildActionMask = 2147483647;
			files = (
			);
			runOnlyForDeploymentPostprocessing = 0;
		};
		194B274428C3973600A48675 /* Frameworks */ = {
			isa = PBXFrameworksBuildPhase;
			buildActionMask = 2147483647;
			files = (
			);
			runOnlyForDeploymentPostprocessing = 0;
		};
		19E29A652938FBCD00BE9C32 /* Frameworks */ = {
			isa = PBXFrameworksBuildPhase;
			buildActionMask = 2147483647;
			files = (
				19E866652AB851E800E33521 /* KeychainSwift in Frameworks */,
				190755992B66512200451E6D /* Markdown in Frameworks */,
			);
			runOnlyForDeploymentPostprocessing = 0;
		};
/* End PBXFrameworksBuildPhase section */

/* Begin PBXGroup section */
		191339AD291D7288001F2B2E /* Frameworks */ = {
			isa = PBXGroup;
			children = (
				191339AE291D7288001F2B2E /* WidgetKit.framework */,
				191339B0291D7288001F2B2E /* SwiftUI.framework */,
			);
			name = Frameworks;
			sourceTree = "<group>";
		};
		191339B2291D7288001F2B2E /* MoeMemosWidgets */ = {
			isa = PBXGroup;
			children = (
				191339B8291D7289001F2B2E /* Assets.xcassets */,
				191339BA291D7289001F2B2E /* Info.plist */,
				191339DB291D8F15001F2B2E /* MemoryWidget.swift */,
				191339B5291D7288001F2B2E /* MemosGraphWidget.swift */,
				193F04E529CCBA9C0010E3BF /* MoeMemosWidgets.intentdefinition */,
				191339B3291D7288001F2B2E /* MoeMemosWidgetsBundle.swift */,
				191339D3291D7F13001F2B2E /* MoeMemosWidgetsExtension.entitlements */,
			);
			path = MoeMemosWidgets;
			sourceTree = "<group>";
		};
		193DE92628C61464002651E0 /* API */ = {
			isa = PBXGroup;
			children = (
				195E5D6C28C7051F00784EF5 /* Memos.swift */,
				193DE92728C61488002651E0 /* MemosAPI.swift */,
			);
			path = API;
			sourceTree = "<group>";
		};
		193DE92928C619CE002651E0 /* Helpers */ = {
			isa = PBXGroup;
			children = (
				195E5AD228C84E4F00CD4674 /* AlertToast.swift */,
				1968555E2B00719A009D7DC5 /* AppInfo.swift */,
				1973B7D62916308D003C3710 /* Constants.swift */,
				195E5D6A28C704AC00784EF5 /* Date.swift */,
				193DE93128C652F7002651E0 /* Error.swift */,
				193AA8A028CD12CD00FF7EB6 /* FormData.swift */,
				193DE92A28C619D9002651E0 /* HTTP.swift */,
				197D9D46292D4B160033AF33 /* ImagePicker.swift */,
				193AA89E28CD080000FF7EB6 /* LegacyPhotoPicker.swift */,
				192DF0F428C7B71D0077E785 /* LegacyShareSheet.swift */,
				19E6EF2229115A2800C998F5 /* MemosManager.swift */,
				1911568929802F200058F18B /* QuickLookRepresentable.swift */,
				19FC1C7B290DA47C0078A7F2 /* Route.swift */,
				193D274E29C8D85700BDE4A2 /* TagVisitor.swift */,
				194502F42A36341D00A70A03 /* TextView.swift */,
			);
			path = Helpers;
			sourceTree = "<group>";
		};
		193DE92E28C650F8002651E0 /* ViewModel */ = {
			isa = PBXGroup;
			children = (
				19C569A32912493A00745F9D /* ArchivedMemoListViewModel.swift */,
				1919FBE429CF738300FEF570 /* ExploreViewModel.swift */,
				19E6EF1E29113EC900C998F5 /* MemoInputViewModel.swift */,
				193DE92F28C65104002651E0 /* MemosViewModel.swift */,
				19C569AB29125C0700745F9D /* ResourceListViewModel.swift */,
				19C569A929125BB200745F9D /* ResourceManager.swift */,
				19E6EF2029113FDA00C998F5 /* UserState.swift */,
			);
			path = ViewModel;
			sourceTree = "<group>";
		};
		1948CCA92996B29500AB1986 /* Resources */ = {
			isa = PBXGroup;
			children = (
				1948CCAA2996B2B100AB1986 /* Localization */,
			);
			path = Resources;
			sourceTree = "<group>";
		};
		1948CCAA2996B2B100AB1986 /* Localization */ = {
			isa = PBXGroup;
			children = (
				1948CCAF2996B3FA00AB1986 /* Localizable.strings */,
			);
			path = Localization;
			sourceTree = "<group>";
		};
		194B272428C3973400A48675 = {
			isa = PBXGroup;
			children = (
				191339AD291D7288001F2B2E /* Frameworks */,
				194B272F28C3973400A48675 /* MoeMemos */,
				19E29A692938FBCD00BE9C32 /* MoeMemosShareExtension */,
				194B274028C3973600A48675 /* MoeMemosTests */,
				194B274A28C3973600A48675 /* MoeMemosUITests */,
				191339B2291D7288001F2B2E /* MoeMemosWidgets */,
				194B272E28C3973400A48675 /* Products */,
			);
			sourceTree = "<group>";
		};
		194B272E28C3973400A48675 /* Products */ = {
			isa = PBXGroup;
			children = (
				194B272D28C3973400A48675 /* MoeMemos.app */,
				194B273D28C3973600A48675 /* MoeMemosTests.xctest */,
				194B274728C3973600A48675 /* MoeMemosUITests.xctest */,
				191339AC291D7288001F2B2E /* MoeMemosWidgetsExtension.appex */,
				19E29A682938FBCD00BE9C32 /* MoeMemosShareExtension.appex */,
			);
			name = Products;
			sourceTree = "<group>";
		};
		194B272F28C3973400A48675 /* MoeMemos */ = {
			isa = PBXGroup;
			children = (
				1948CCA92996B29500AB1986 /* Resources */,
				193DE92628C61464002651E0 /* API */,
				194B273428C3973600A48675 /* Assets.xcassets */,
				199A657928C4749800C39994 /* Extensions */,
				193DE92928C619CE002651E0 /* Helpers */,
				19558A442912CEA60070CAF9 /* Info.plist */,
				19F31BF928C3E990000C5207 /* Model */,
				1973B7D529160F48003C3710 /* MoeMemos.entitlements */,
				194B273028C3973400A48675 /* MoeMemosApp.swift */,
				194B273628C3973600A48675 /* Preview Content */,
				193DE92E28C650F8002651E0 /* ViewModel */,
				19F31BF828C3E286000C5207 /* Views */,
			);
			path = MoeMemos;
			sourceTree = "<group>";
		};
		194B273628C3973600A48675 /* Preview Content */ = {
			isa = PBXGroup;
			children = (
				194B273728C3973600A48675 /* Preview Assets.xcassets */,
			);
			path = "Preview Content";
			sourceTree = "<group>";
		};
		194B274028C3973600A48675 /* MoeMemosTests */ = {
			isa = PBXGroup;
			children = (
				194B274128C3973600A48675 /* MoeMemosTests.swift */,
			);
			path = MoeMemosTests;
			sourceTree = "<group>";
		};
		194B274A28C3973600A48675 /* MoeMemosUITests */ = {
			isa = PBXGroup;
			children = (
				194B274B28C3973600A48675 /* MoeMemosUITests.swift */,
				194B274D28C3973600A48675 /* MoeMemosUITestsLaunchTests.swift */,
			);
			path = MoeMemosUITests;
			sourceTree = "<group>";
		};
		199A657928C4749800C39994 /* Extensions */ = {
			isa = PBXGroup;
			children = (
				199A657A28C474BA00C39994 /* Color.swift */,
				193AA8A628CD9ED700FF7EB6 /* URL.swift */,
				19E29A7C2939A94400BE9C32 /* NSItemProvider.swift */,
			);
			path = Extensions;
			sourceTree = "<group>";
		};
		19E29A692938FBCD00BE9C32 /* MoeMemosShareExtension */ = {
			isa = PBXGroup;
			children = (
				19E29A6F2938FBCD00BE9C32 /* Info.plist */,
				19E29A6C2938FBCD00BE9C32 /* MainInterface.storyboard */,
				19E29A762938FC1400BE9C32 /* MoeMemosShareExtension.entitlements */,
				19E29A772938FCE000BE9C32 /* MoeMemosShareView.swift */,
				19E29A6A2938FBCD00BE9C32 /* ShareViewController.swift */,
			);
			path = MoeMemosShareExtension;
			sourceTree = "<group>";
		};
		19F31BF828C3E286000C5207 /* Views */ = {
			isa = PBXGroup;
			children = (
				1919FBE229CF6BDD00FEF570 /* ArchivedMemoCard.swift */,
				192DF0F228C78BAD0077E785 /* ArchivedMemosList.swift */,
				1934C77B2921670600A169EC /* Attachment.swift */,
				194B273228C3973400A48675 /* ContentView.swift */,
				1919FBE829CF78BE00FEF570 /* Explore.swift */,
				1919FBE629CF77C900FEF570 /* ExploreMemoCard.swift */,
				1995E9CD28C46DC9004F2EDB /* Heatmap.swift */,
				195E5D7028C70A3800784EF5 /* HeatmapStat.swift */,
				31EE786029B9F3A2005F62D0 /* Highlighter.swift */,
				31EE785529B83D1B005F62D0 /* LazyImageProvider.swift */,
				199A658028C48A6200C39994 /* Login.swift */,
				19F31BFC28C3ED11000C5207 /* MemoCard.swift */,
				193938DB29CF682D0027939F /* MemoCardContent.swift */,
				197A4D3229599C300027427E /* MemoCardImageView.swift */,
				19E1C5BF28C5191D0072CEEF /* MemoInput.swift */,
				19709CFB297F2C1900F6A144 /* MemoInputResourceView.swift */,
				19F31BF628C3E26D000C5207 /* MemosList.swift */,
				19FC1C7D290DA6E90078A7F2 /* Navigation.swift */,
				19996E5F29118AF6001E3583 /* NavLink.swift */,
				193AA8A828CDB27F00FF7EB6 /* ResourceCard.swift */,
				193AA89A28CCD34A00FF7EB6 /* Resources.swift */,
				193DE92228C5E267002651E0 /* Settings.swift */,
				199A657E28C47D7C00C39994 /* Sidebar.swift */,
				19E1C5BD28C4F6410072CEEF /* Stats.swift */,
			);
			path = Views;
			sourceTree = "<group>";
		};
		19F31BF928C3E990000C5207 /* Model */ = {
			isa = PBXGroup;
			children = (
				19F31BFA28C3E9B2000C5207 /* Memo.swift */,
				193AA89C28CCD38100FF7EB6 /* Resource.swift */,
				19A547812986E3670000E71A /* Status.swift */,
				199A657C28C4761100C39994 /* Usage.swift */,
				193DE92028C5CFBB002651E0 /* User.swift */,
			);
			path = Model;
			sourceTree = "<group>";
		};
/* End PBXGroup section */

/* Begin PBXNativeTarget section */
		191339AB291D7288001F2B2E /* MoeMemosWidgetsExtension */ = {
			isa = PBXNativeTarget;
			buildConfigurationList = 191339C3291D7289001F2B2E /* Build configuration list for PBXNativeTarget "MoeMemosWidgetsExtension" */;
			buildPhases = (
				191339A8291D7288001F2B2E /* Sources */,
				191339A9291D7288001F2B2E /* Frameworks */,
				191339AA291D7288001F2B2E /* Resources */,
			);
			buildRules = (
			);
			dependencies = (
			);
			name = MoeMemosWidgetsExtension;
			packageProductDependencies = (
				19E866622AB851E200E33521 /* KeychainSwift */,
			);
			productName = MoeMemosWidgetsExtension;
			productReference = 191339AC291D7288001F2B2E /* MoeMemosWidgetsExtension.appex */;
			productType = "com.apple.product-type.app-extension";
		};
		194B272C28C3973400A48675 /* MoeMemos */ = {
			isa = PBXNativeTarget;
			buildConfigurationList = 194B275128C3973600A48675 /* Build configuration list for PBXNativeTarget "MoeMemos" */;
			buildPhases = (
				194B272928C3973400A48675 /* Sources */,
				194B272A28C3973400A48675 /* Frameworks */,
				194B272B28C3973400A48675 /* Resources */,
				191339C0291D7289001F2B2E /* Embed Foundation Extensions */,
			);
			buildRules = (
			);
			dependencies = (
				191339BE291D7289001F2B2E /* PBXTargetDependency */,
				19E29A712938FBCD00BE9C32 /* PBXTargetDependency */,
			);
			name = MoeMemos;
			packageProductDependencies = (
				31EE785E29B9E6F4005F62D0 /* Highlightr */,
				193D274C29C8D1EB00BDE4A2 /* MarkdownUI */,
				19E866602AB84EBA00E33521 /* KeychainSwift */,
			);
			productName = MoeMemos;
			productReference = 194B272D28C3973400A48675 /* MoeMemos.app */;
			productType = "com.apple.product-type.application";
		};
		194B273C28C3973600A48675 /* MoeMemosTests */ = {
			isa = PBXNativeTarget;
			buildConfigurationList = 194B275428C3973600A48675 /* Build configuration list for PBXNativeTarget "MoeMemosTests" */;
			buildPhases = (
				194B273928C3973600A48675 /* Sources */,
				194B273A28C3973600A48675 /* Frameworks */,
				194B273B28C3973600A48675 /* Resources */,
			);
			buildRules = (
			);
			dependencies = (
				194B273F28C3973600A48675 /* PBXTargetDependency */,
			);
			name = MoeMemosTests;
			productName = MoeMemosTests;
			productReference = 194B273D28C3973600A48675 /* MoeMemosTests.xctest */;
			productType = "com.apple.product-type.bundle.unit-test";
		};
		194B274628C3973600A48675 /* MoeMemosUITests */ = {
			isa = PBXNativeTarget;
			buildConfigurationList = 194B275728C3973600A48675 /* Build configuration list for PBXNativeTarget "MoeMemosUITests" */;
			buildPhases = (
				194B274328C3973600A48675 /* Sources */,
				194B274428C3973600A48675 /* Frameworks */,
				194B274528C3973600A48675 /* Resources */,
			);
			buildRules = (
			);
			dependencies = (
				194B274928C3973600A48675 /* PBXTargetDependency */,
			);
			name = MoeMemosUITests;
			productName = MoeMemosUITests;
			productReference = 194B274728C3973600A48675 /* MoeMemosUITests.xctest */;
			productType = "com.apple.product-type.bundle.ui-testing";
		};
		19E29A672938FBCD00BE9C32 /* MoeMemosShareExtension */ = {
			isa = PBXNativeTarget;
			buildConfigurationList = 19E29A752938FBCD00BE9C32 /* Build configuration list for PBXNativeTarget "MoeMemosShareExtension" */;
			buildPhases = (
				19E29A642938FBCD00BE9C32 /* Sources */,
				19E29A652938FBCD00BE9C32 /* Frameworks */,
				19E29A662938FBCD00BE9C32 /* Resources */,
			);
			buildRules = (
			);
			dependencies = (
			);
			name = MoeMemosShareExtension;
			packageProductDependencies = (
				19E866642AB851E800E33521 /* KeychainSwift */,
				190755982B66512200451E6D /* Markdown */,
			);
			productName = MoeMemosShareExtension;
			productReference = 19E29A682938FBCD00BE9C32 /* MoeMemosShareExtension.appex */;
			productType = "com.apple.product-type.app-extension";
		};
/* End PBXNativeTarget section */

/* Begin PBXProject section */
		194B272528C3973400A48675 /* Project object */ = {
			isa = PBXProject;
			attributes = {
				BuildIndependentTargetsInParallel = 1;
				LastSwiftUpdateCheck = 1410;
				LastUpgradeCheck = 1500;
				TargetAttributes = {
					191339AB291D7288001F2B2E = {
						CreatedOnToolsVersion = 14.1;
					};
					194B272C28C3973400A48675 = {
						CreatedOnToolsVersion = 13.4.1;
					};
					194B273C28C3973600A48675 = {
						CreatedOnToolsVersion = 13.4.1;
						TestTargetID = 194B272C28C3973400A48675;
					};
					194B274628C3973600A48675 = {
						CreatedOnToolsVersion = 13.4.1;
						TestTargetID = 194B272C28C3973400A48675;
					};
					19E29A672938FBCD00BE9C32 = {
						CreatedOnToolsVersion = 14.1;
					};
				};
			};
			buildConfigurationList = 194B272828C3973400A48675 /* Build configuration list for PBXProject "MoeMemos" */;
			compatibilityVersion = "Xcode 13.0";
			developmentRegion = en;
			hasScannedForEncodings = 0;
			knownRegions = (
				en,
				"zh-Hans",
				"zh-Hant",
				Base,
				de,
				fr,
				it,
			);
			mainGroup = 194B272428C3973400A48675;
			packageReferences = (
				31EE785D29B9E6F4005F62D0 /* XCRemoteSwiftPackageReference "Highlightr" */,
				193D274B29C8D1EB00BDE4A2 /* XCRemoteSwiftPackageReference "swift-markdown-ui" */,
				19E8665F2AB84ACA00E33521 /* XCRemoteSwiftPackageReference "keychain-swift" */,
				190755972B66512200451E6D /* XCRemoteSwiftPackageReference "swift-markdown" */,
			);
			productRefGroup = 194B272E28C3973400A48675 /* Products */;
			projectDirPath = "";
			projectRoot = "";
			targets = (
				194B272C28C3973400A48675 /* MoeMemos */,
				194B273C28C3973600A48675 /* MoeMemosTests */,
				194B274628C3973600A48675 /* MoeMemosUITests */,
				191339AB291D7288001F2B2E /* MoeMemosWidgetsExtension */,
				19E29A672938FBCD00BE9C32 /* MoeMemosShareExtension */,
			);
		};
/* End PBXProject section */

/* Begin PBXResourcesBuildPhase section */
		191339AA291D7288001F2B2E /* Resources */ = {
			isa = PBXResourcesBuildPhase;
			buildActionMask = 2147483647;
			files = (
				191339B9291D7289001F2B2E /* Assets.xcassets in Resources */,
				19B3B79529CEB9C5007E2997 /* Localizable.strings in Resources */,
			);
			runOnlyForDeploymentPostprocessing = 0;
		};
		194B272B28C3973400A48675 /* Resources */ = {
			isa = PBXResourcesBuildPhase;
			buildActionMask = 2147483647;
			files = (
				194B273828C3973600A48675 /* Preview Assets.xcassets in Resources */,
				1948CCAD2996B3FA00AB1986 /* Localizable.strings in Resources */,
				194B273528C3973600A48675 /* Assets.xcassets in Resources */,
			);
			runOnlyForDeploymentPostprocessing = 0;
		};
		194B273B28C3973600A48675 /* Resources */ = {
			isa = PBXResourcesBuildPhase;
			buildActionMask = 2147483647;
			files = (
			);
			runOnlyForDeploymentPostprocessing = 0;
		};
		194B274528C3973600A48675 /* Resources */ = {
			isa = PBXResourcesBuildPhase;
			buildActionMask = 2147483647;
			files = (
			);
			runOnlyForDeploymentPostprocessing = 0;
		};
		19E29A662938FBCD00BE9C32 /* Resources */ = {
			isa = PBXResourcesBuildPhase;
			buildActionMask = 2147483647;
			files = (
				19E29A6E2938FBCD00BE9C32 /* MainInterface.storyboard in Resources */,
				19B3B79629CEBCC0007E2997 /* Localizable.strings in Resources */,
			);
			runOnlyForDeploymentPostprocessing = 0;
		};
/* End PBXResourcesBuildPhase section */

/* Begin PBXSourcesBuildPhase section */
		191339A8291D7288001F2B2E /* Sources */ = {
			isa = PBXSourcesBuildPhase;
			buildActionMask = 2147483647;
			files = (
				191339B4291D7288001F2B2E /* MoeMemosWidgetsBundle.swift in Sources */,
				193F04E329CCBA9C0010E3BF /* MoeMemosWidgets.intentdefinition in Sources */,
				191339B6291D7288001F2B2E /* MemosGraphWidget.swift in Sources */,
				191339C4291D763A001F2B2E /* MemosManager.swift in Sources */,
				191339C6291D7660001F2B2E /* Memos.swift in Sources */,
				191339C7291D7663001F2B2E /* MemosAPI.swift in Sources */,
				191339C5291D765B001F2B2E /* Memo.swift in Sources */,
				191339C8291D766A001F2B2E /* User.swift in Sources */,
				191339C9291D7672001F2B2E /* Resource.swift in Sources */,
				191339CA291D7675001F2B2E /* Usage.swift in Sources */,
				191339D2291D7785001F2B2E /* Date.swift in Sources */,
				19A547832986E4C10000E71A /* Status.swift in Sources */,
				191339CB291D7699001F2B2E /* HTTP.swift in Sources */,
				191339CC291D769C001F2B2E /* FormData.swift in Sources */,
				191339CD291D76BB001F2B2E /* Error.swift in Sources */,
				191339CE291D76BD001F2B2E /* Constants.swift in Sources */,
				191339DC291D8F15001F2B2E /* MemoryWidget.swift in Sources */,
				191339CF291D7748001F2B2E /* Heatmap.swift in Sources */,
				191339D0291D774B001F2B2E /* HeatmapStat.swift in Sources */,
				191339D1291D7765001F2B2E /* Color.swift in Sources */,
			);
			runOnlyForDeploymentPostprocessing = 0;
		};
		194B272928C3973400A48675 /* Sources */ = {
			isa = PBXSourcesBuildPhase;
			buildActionMask = 2147483647;
			files = (
				31EE785629B83D1B005F62D0 /* LazyImageProvider.swift in Sources */,
				19C569AC29125C0700745F9D /* ResourceListViewModel.swift in Sources */,
				19F31BF728C3E26D000C5207 /* MemosList.swift in Sources */,
				19E1C5BE28C4F6410072CEEF /* Stats.swift in Sources */,
				199A658128C48A6200C39994 /* Login.swift in Sources */,
				19F31BFD28C3ED11000C5207 /* MemoCard.swift in Sources */,
				199A657F28C47D7C00C39994 /* Sidebar.swift in Sources */,
				193DE92128C5CFBB002651E0 /* User.swift in Sources */,
				195E5AD328C84E4F00CD4674 /* AlertToast.swift in Sources */,
				19E6EF1F29113EC900C998F5 /* MemoInputViewModel.swift in Sources */,
				19A547822986E3670000E71A /* Status.swift in Sources */,
				193DE93028C65104002651E0 /* MemosViewModel.swift in Sources */,
				1973B7D72916308D003C3710 /* Constants.swift in Sources */,
				197D9D47292D4B160033AF33 /* ImagePicker.swift in Sources */,
				19E6EF2329115A2800C998F5 /* MemosManager.swift in Sources */,
				193D274F29C8D85700BDE4A2 /* TagVisitor.swift in Sources */,
				192DF0F328C78BAD0077E785 /* ArchivedMemosList.swift in Sources */,
				199A657B28C474BA00C39994 /* Color.swift in Sources */,
				199A657D28C4761100C39994 /* Usage.swift in Sources */,
				194502F52A36341D00A70A03 /* TextView.swift in Sources */,
				193DE92328C5E267002651E0 /* Settings.swift in Sources */,
				193F04E229CCBA9C0010E3BF /* MoeMemosWidgets.intentdefinition in Sources */,
				1934C77C2921670600A169EC /* Attachment.swift in Sources */,
				193DE92B28C619D9002651E0 /* HTTP.swift in Sources */,
				193AA89D28CCD38100FF7EB6 /* Resource.swift in Sources */,
				19709CFC297F2C1900F6A144 /* MemoInputResourceView.swift in Sources */,
				19E29A7D2939A94400BE9C32 /* NSItemProvider.swift in Sources */,
				197A4D3329599C300027427E /* MemoCardImageView.swift in Sources */,
				1919FBE329CF6BDD00FEF570 /* ArchivedMemoCard.swift in Sources */,
				193AA8A928CDB27F00FF7EB6 /* ResourceCard.swift in Sources */,
				195E5D6D28C7051F00784EF5 /* Memos.swift in Sources */,
				1995E9CE28C46DC9004F2EDB /* Heatmap.swift in Sources */,
				1919FBE729CF77C900FEF570 /* ExploreMemoCard.swift in Sources */,
				193938DC29CF682D0027939F /* MemoCardContent.swift in Sources */,
				195E5D7128C70A3800784EF5 /* HeatmapStat.swift in Sources */,
				19E1C5C028C5191D0072CEEF /* MemoInput.swift in Sources */,
				194B273328C3973400A48675 /* ContentView.swift in Sources */,
				193AA8A728CD9ED700FF7EB6 /* URL.swift in Sources */,
				193AA8A128CD12CD00FF7EB6 /* FormData.swift in Sources */,
				19FC1C7C290DA47C0078A7F2 /* Route.swift in Sources */,
				19FC1C7E290DA6E90078A7F2 /* Navigation.swift in Sources */,
				19E6EF2129113FDA00C998F5 /* UserState.swift in Sources */,
				1968555F2B00719A009D7DC5 /* AppInfo.swift in Sources */,
				1919FBE529CF738300FEF570 /* ExploreViewModel.swift in Sources */,
				193DE92828C61488002651E0 /* MemosAPI.swift in Sources */,
				1911568A29802F200058F18B /* QuickLookRepresentable.swift in Sources */,
				31EE786129B9F3A2005F62D0 /* Highlighter.swift in Sources */,
				193AA89F28CD080000FF7EB6 /* LegacyPhotoPicker.swift in Sources */,
				194B273128C3973400A48675 /* MoeMemosApp.swift in Sources */,
				19C569AA29125BB200745F9D /* ResourceManager.swift in Sources */,
				195E5D6B28C704AC00784EF5 /* Date.swift in Sources */,
				19996E6029118AF6001E3583 /* NavLink.swift in Sources */,
				192DF0F528C7B71D0077E785 /* LegacyShareSheet.swift in Sources */,
				19F31BFB28C3E9B2000C5207 /* Memo.swift in Sources */,
				19C569A42912493A00745F9D /* ArchivedMemoListViewModel.swift in Sources */,
				193AA89B28CCD34A00FF7EB6 /* Resources.swift in Sources */,
				193DE93228C652F7002651E0 /* Error.swift in Sources */,
				1919FBE929CF78BE00FEF570 /* Explore.swift in Sources */,
			);
			runOnlyForDeploymentPostprocessing = 0;
		};
		194B273928C3973600A48675 /* Sources */ = {
			isa = PBXSourcesBuildPhase;
			buildActionMask = 2147483647;
			files = (
				194B274228C3973600A48675 /* MoeMemosTests.swift in Sources */,
			);
			runOnlyForDeploymentPostprocessing = 0;
		};
		194B274328C3973600A48675 /* Sources */ = {
			isa = PBXSourcesBuildPhase;
			buildActionMask = 2147483647;
			files = (
				194B274E28C3973600A48675 /* MoeMemosUITestsLaunchTests.swift in Sources */,
				194B274C28C3973600A48675 /* MoeMemosUITests.swift in Sources */,
			);
			runOnlyForDeploymentPostprocessing = 0;
		};
		19E29A642938FBCD00BE9C32 /* Sources */ = {
			isa = PBXSourcesBuildPhase;
			buildActionMask = 2147483647;
			files = (
				19E29A782938FCE000BE9C32 /* MoeMemosShareView.swift in Sources */,
				19E29A6B2938FBCD00BE9C32 /* ShareViewController.swift in Sources */,
				19E29A7E2939AC5000BE9C32 /* NSItemProvider.swift in Sources */,
				19B5CFFA2939BB9700140294 /* Memos.swift in Sources */,
				19B5CFFB2939BB9B00140294 /* MemosAPI.swift in Sources */,
				19B5CFFC2939BBCA00140294 /* Error.swift in Sources */,
				19B5CFFD2939BC1300140294 /* Constants.swift in Sources */,
				19B5CFFE2939BC2300140294 /* HTTP.swift in Sources */,
				19B5CFFF2939BC2F00140294 /* Memo.swift in Sources */,
				19B5D0002939BC3200140294 /* User.swift in Sources */,
				19B5D0012939BC3D00140294 /* Resource.swift in Sources */,
				19A547842986E4C20000E71A /* Status.swift in Sources */,
				19B5D0022939BC4800140294 /* FormData.swift in Sources */,
				197C21A6293A2DCC00110EE5 /* AlertToast.swift in Sources */,
				1907559A2B66514700451E6D /* TagVisitor.swift in Sources */,
			);
			runOnlyForDeploymentPostprocessing = 0;
		};
/* End PBXSourcesBuildPhase section */

/* Begin PBXTargetDependency section */
		191339BE291D7289001F2B2E /* PBXTargetDependency */ = {
			isa = PBXTargetDependency;
			target = 191339AB291D7288001F2B2E /* MoeMemosWidgetsExtension */;
			targetProxy = 191339BD291D7289001F2B2E /* PBXContainerItemProxy */;
		};
		194B273F28C3973600A48675 /* PBXTargetDependency */ = {
			isa = PBXTargetDependency;
			target = 194B272C28C3973400A48675 /* MoeMemos */;
			targetProxy = 194B273E28C3973600A48675 /* PBXContainerItemProxy */;
		};
		194B274928C3973600A48675 /* PBXTargetDependency */ = {
			isa = PBXTargetDependency;
			target = 194B272C28C3973400A48675 /* MoeMemos */;
			targetProxy = 194B274828C3973600A48675 /* PBXContainerItemProxy */;
		};
		19E29A712938FBCD00BE9C32 /* PBXTargetDependency */ = {
			isa = PBXTargetDependency;
			target = 19E29A672938FBCD00BE9C32 /* MoeMemosShareExtension */;
			targetProxy = 19E29A702938FBCD00BE9C32 /* PBXContainerItemProxy */;
		};
/* End PBXTargetDependency section */

/* Begin PBXVariantGroup section */
		193F04E529CCBA9C0010E3BF /* MoeMemosWidgets.intentdefinition */ = {
			isa = PBXVariantGroup;
			children = (
				193F04E429CCBA9C0010E3BF /* Base */,
				193F04E729CCBAB40010E3BF /* zh-Hans */,
				193F04E929CCBAB70010E3BF /* zh-Hant */,
				190322DD2A82929300CAA50D /* de */,
				192383F32B6659DC00D2C9DA /* fr */,
				192383F52B6659DD00D2C9DA /* it */,
			);
			name = MoeMemosWidgets.intentdefinition;
			sourceTree = "<group>";
		};
		1948CCAF2996B3FA00AB1986 /* Localizable.strings */ = {
			isa = PBXVariantGroup;
			children = (
				1948CCAE2996B3FA00AB1986 /* en */,
				1948CCB12996BB6C00AB1986 /* zh-Hans */,
				1948CCB32996BEEA00AB1986 /* zh-Hant */,
				190322DE2A82929300CAA50D /* de */,
				191C49ED2B2D79A40097B98E /* fr */,
				191C49EE2B2D7DAB0097B98E /* it */,
			);
			name = Localizable.strings;
			sourceTree = "<group>";
		};
		19E29A6C2938FBCD00BE9C32 /* MainInterface.storyboard */ = {
			isa = PBXVariantGroup;
			children = (
				1948CCB92996BFDF00AB1986 /* zh-Hans */,
				1948CCBA2996BFE200AB1986 /* zh-Hant */,
				193F04E129CCBA320010E3BF /* Base */,
				190322DC2A82929300CAA50D /* de */,
			);
			name = MainInterface.storyboard;
			sourceTree = "<group>";
		};
/* End PBXVariantGroup section */

/* Begin XCBuildConfiguration section */
		191339C1291D7289001F2B2E /* Debug */ = {
			isa = XCBuildConfiguration;
			buildSettings = {
				ASSETCATALOG_COMPILER_GLOBAL_ACCENT_COLOR_NAME = AccentColor;
				ASSETCATALOG_COMPILER_WIDGET_BACKGROUND_COLOR_NAME = WidgetBackground;
				CLANG_CXX_LANGUAGE_STANDARD = "gnu++20";
				CODE_SIGN_ENTITLEMENTS = MoeMemosWidgets/MoeMemosWidgetsExtension.entitlements;
				CODE_SIGN_STYLE = Automatic;
				CURRENT_PROJECT_VERSION = 40;
				DEVELOPMENT_TEAM = AHAQ4D2466;
				GENERATE_INFOPLIST_FILE = YES;
				INFOPLIST_FILE = MoeMemosWidgets/Info.plist;
				INFOPLIST_KEY_CFBundleDisplayName = MoeMemosWidgets;
				INFOPLIST_KEY_NSHumanReadableCopyright = "";
				IPHONEOS_DEPLOYMENT_TARGET = 15.0;
				LD_RUNPATH_SEARCH_PATHS = (
					"$(inherited)",
					"@executable_path/Frameworks",
					"@executable_path/../../Frameworks",
				);
				MARKETING_VERSION = 1.5.8;
				PRODUCT_BUNDLE_IDENTIFIER = me.mudkip.MoeMemos.MoeMemosWidgets;
				PRODUCT_NAME = "$(TARGET_NAME)";
				SKIP_INSTALL = YES;
				SWIFT_EMIT_LOC_STRINGS = YES;
				SWIFT_VERSION = 5.0;
				TARGETED_DEVICE_FAMILY = "1,2";
			};
			name = Debug;
		};
		191339C2291D7289001F2B2E /* Release */ = {
			isa = XCBuildConfiguration;
			buildSettings = {
				ASSETCATALOG_COMPILER_GLOBAL_ACCENT_COLOR_NAME = AccentColor;
				ASSETCATALOG_COMPILER_WIDGET_BACKGROUND_COLOR_NAME = WidgetBackground;
				CLANG_CXX_LANGUAGE_STANDARD = "gnu++20";
				CODE_SIGN_ENTITLEMENTS = MoeMemosWidgets/MoeMemosWidgetsExtension.entitlements;
				CODE_SIGN_STYLE = Automatic;
				CURRENT_PROJECT_VERSION = 40;
				DEVELOPMENT_TEAM = AHAQ4D2466;
				GENERATE_INFOPLIST_FILE = YES;
				INFOPLIST_FILE = MoeMemosWidgets/Info.plist;
				INFOPLIST_KEY_CFBundleDisplayName = MoeMemosWidgets;
				INFOPLIST_KEY_NSHumanReadableCopyright = "";
				IPHONEOS_DEPLOYMENT_TARGET = 15.0;
				LD_RUNPATH_SEARCH_PATHS = (
					"$(inherited)",
					"@executable_path/Frameworks",
					"@executable_path/../../Frameworks",
				);
				MARKETING_VERSION = 1.5.8;
				PRODUCT_BUNDLE_IDENTIFIER = me.mudkip.MoeMemos.MoeMemosWidgets;
				PRODUCT_NAME = "$(TARGET_NAME)";
				SKIP_INSTALL = YES;
				SWIFT_EMIT_LOC_STRINGS = YES;
				SWIFT_VERSION = 5.0;
				TARGETED_DEVICE_FAMILY = "1,2";
			};
			name = Release;
		};
		194B274F28C3973600A48675 /* Debug */ = {
			isa = XCBuildConfiguration;
			buildSettings = {
				ALWAYS_SEARCH_USER_PATHS = NO;
				ASSETCATALOG_COMPILER_GENERATE_SWIFT_ASSET_SYMBOL_EXTENSIONS = YES;
				CLANG_ANALYZER_LOCALIZABILITY_NONLOCALIZED = YES;
				CLANG_ANALYZER_NONNULL = YES;
				CLANG_ANALYZER_NUMBER_OBJECT_CONVERSION = YES_AGGRESSIVE;
				CLANG_CXX_LANGUAGE_STANDARD = "gnu++17";
				CLANG_ENABLE_MODULES = YES;
				CLANG_ENABLE_OBJC_ARC = YES;
				CLANG_ENABLE_OBJC_WEAK = YES;
				CLANG_WARN_BLOCK_CAPTURE_AUTORELEASING = YES;
				CLANG_WARN_BOOL_CONVERSION = YES;
				CLANG_WARN_COMMA = YES;
				CLANG_WARN_CONSTANT_CONVERSION = YES;
				CLANG_WARN_DEPRECATED_OBJC_IMPLEMENTATIONS = YES;
				CLANG_WARN_DIRECT_OBJC_ISA_USAGE = YES_ERROR;
				CLANG_WARN_DOCUMENTATION_COMMENTS = YES;
				CLANG_WARN_EMPTY_BODY = YES;
				CLANG_WARN_ENUM_CONVERSION = YES;
				CLANG_WARN_INFINITE_RECURSION = YES;
				CLANG_WARN_INT_CONVERSION = YES;
				CLANG_WARN_NON_LITERAL_NULL_CONVERSION = YES;
				CLANG_WARN_OBJC_IMPLICIT_RETAIN_SELF = YES;
				CLANG_WARN_OBJC_LITERAL_CONVERSION = YES;
				CLANG_WARN_OBJC_ROOT_CLASS = YES_ERROR;
				CLANG_WARN_QUOTED_INCLUDE_IN_FRAMEWORK_HEADER = YES;
				CLANG_WARN_RANGE_LOOP_ANALYSIS = YES;
				CLANG_WARN_STRICT_PROTOTYPES = YES;
				CLANG_WARN_SUSPICIOUS_MOVE = YES;
				CLANG_WARN_UNGUARDED_AVAILABILITY = YES_AGGRESSIVE;
				CLANG_WARN_UNREACHABLE_CODE = YES;
				CLANG_WARN__DUPLICATE_METHOD_MATCH = YES;
				COPY_PHASE_STRIP = NO;
				DEBUG_INFORMATION_FORMAT = dwarf;
				ENABLE_STRICT_OBJC_MSGSEND = YES;
				ENABLE_TESTABILITY = YES;
				ENABLE_USER_SCRIPT_SANDBOXING = YES;
				GCC_C_LANGUAGE_STANDARD = gnu11;
				GCC_DYNAMIC_NO_PIC = NO;
				GCC_NO_COMMON_BLOCKS = YES;
				GCC_OPTIMIZATION_LEVEL = 0;
				GCC_PREPROCESSOR_DEFINITIONS = (
					"DEBUG=1",
					"$(inherited)",
				);
				GCC_WARN_64_TO_32_BIT_CONVERSION = YES;
				GCC_WARN_ABOUT_RETURN_TYPE = YES_ERROR;
				GCC_WARN_UNDECLARED_SELECTOR = YES;
				GCC_WARN_UNINITIALIZED_AUTOS = YES_AGGRESSIVE;
				GCC_WARN_UNUSED_FUNCTION = YES;
				GCC_WARN_UNUSED_VARIABLE = YES;
				IPHONEOS_DEPLOYMENT_TARGET = 15.0;
				MTL_ENABLE_DEBUG_INFO = INCLUDE_SOURCE;
				MTL_FAST_MATH = YES;
				ONLY_ACTIVE_ARCH = YES;
				SDKROOT = iphoneos;
				SWIFT_ACTIVE_COMPILATION_CONDITIONS = DEBUG;
				SWIFT_OPTIMIZATION_LEVEL = "-Onone";
			};
			name = Debug;
		};
		194B275028C3973600A48675 /* Release */ = {
			isa = XCBuildConfiguration;
			buildSettings = {
				ALWAYS_SEARCH_USER_PATHS = NO;
				ASSETCATALOG_COMPILER_GENERATE_SWIFT_ASSET_SYMBOL_EXTENSIONS = YES;
				CLANG_ANALYZER_LOCALIZABILITY_NONLOCALIZED = YES;
				CLANG_ANALYZER_NONNULL = YES;
				CLANG_ANALYZER_NUMBER_OBJECT_CONVERSION = YES_AGGRESSIVE;
				CLANG_CXX_LANGUAGE_STANDARD = "gnu++17";
				CLANG_ENABLE_MODULES = YES;
				CLANG_ENABLE_OBJC_ARC = YES;
				CLANG_ENABLE_OBJC_WEAK = YES;
				CLANG_WARN_BLOCK_CAPTURE_AUTORELEASING = YES;
				CLANG_WARN_BOOL_CONVERSION = YES;
				CLANG_WARN_COMMA = YES;
				CLANG_WARN_CONSTANT_CONVERSION = YES;
				CLANG_WARN_DEPRECATED_OBJC_IMPLEMENTATIONS = YES;
				CLANG_WARN_DIRECT_OBJC_ISA_USAGE = YES_ERROR;
				CLANG_WARN_DOCUMENTATION_COMMENTS = YES;
				CLANG_WARN_EMPTY_BODY = YES;
				CLANG_WARN_ENUM_CONVERSION = YES;
				CLANG_WARN_INFINITE_RECURSION = YES;
				CLANG_WARN_INT_CONVERSION = YES;
				CLANG_WARN_NON_LITERAL_NULL_CONVERSION = YES;
				CLANG_WARN_OBJC_IMPLICIT_RETAIN_SELF = YES;
				CLANG_WARN_OBJC_LITERAL_CONVERSION = YES;
				CLANG_WARN_OBJC_ROOT_CLASS = YES_ERROR;
				CLANG_WARN_QUOTED_INCLUDE_IN_FRAMEWORK_HEADER = YES;
				CLANG_WARN_RANGE_LOOP_ANALYSIS = YES;
				CLANG_WARN_STRICT_PROTOTYPES = YES;
				CLANG_WARN_SUSPICIOUS_MOVE = YES;
				CLANG_WARN_UNGUARDED_AVAILABILITY = YES_AGGRESSIVE;
				CLANG_WARN_UNREACHABLE_CODE = YES;
				CLANG_WARN__DUPLICATE_METHOD_MATCH = YES;
				COPY_PHASE_STRIP = NO;
				DEBUG_INFORMATION_FORMAT = "dwarf-with-dsym";
				ENABLE_NS_ASSERTIONS = NO;
				ENABLE_STRICT_OBJC_MSGSEND = YES;
				ENABLE_USER_SCRIPT_SANDBOXING = YES;
				GCC_C_LANGUAGE_STANDARD = gnu11;
				GCC_NO_COMMON_BLOCKS = YES;
				GCC_WARN_64_TO_32_BIT_CONVERSION = YES;
				GCC_WARN_ABOUT_RETURN_TYPE = YES_ERROR;
				GCC_WARN_UNDECLARED_SELECTOR = YES;
				GCC_WARN_UNINITIALIZED_AUTOS = YES_AGGRESSIVE;
				GCC_WARN_UNUSED_FUNCTION = YES;
				GCC_WARN_UNUSED_VARIABLE = YES;
				IPHONEOS_DEPLOYMENT_TARGET = 15.0;
				MTL_ENABLE_DEBUG_INFO = NO;
				MTL_FAST_MATH = YES;
				SDKROOT = iphoneos;
				SWIFT_COMPILATION_MODE = wholemodule;
				SWIFT_OPTIMIZATION_LEVEL = "-O";
				VALIDATE_PRODUCT = YES;
			};
			name = Release;
		};
		194B275228C3973600A48675 /* Debug */ = {
			isa = XCBuildConfiguration;
			buildSettings = {
				ALWAYS_EMBED_SWIFT_STANDARD_LIBRARIES = YES;
				ASSETCATALOG_COMPILER_APPICON_NAME = AppIcon;
				ASSETCATALOG_COMPILER_GLOBAL_ACCENT_COLOR_NAME = AccentColor;
				CODE_SIGN_ENTITLEMENTS = MoeMemos/MoeMemos.entitlements;
				CODE_SIGN_STYLE = Automatic;
				CURRENT_PROJECT_VERSION = 40;
				DEVELOPMENT_ASSET_PATHS = "\"MoeMemos/Preview Content\"";
				DEVELOPMENT_TEAM = AHAQ4D2466;
				ENABLE_PREVIEWS = YES;
				GENERATE_INFOPLIST_FILE = YES;
				INFOPLIST_FILE = MoeMemos/Info.plist;
				INFOPLIST_KEY_CFBundleDisplayName = MoeMemos;
				INFOPLIST_KEY_LSApplicationCategoryType = "public.app-category.productivity";
				INFOPLIST_KEY_UIApplicationSceneManifest_Generation = YES;
				INFOPLIST_KEY_UIApplicationSupportsIndirectInputEvents = YES;
				INFOPLIST_KEY_UILaunchScreen_Generation = YES;
				INFOPLIST_KEY_UISupportedInterfaceOrientations_iPad = "UIInterfaceOrientationPortrait UIInterfaceOrientationPortraitUpsideDown UIInterfaceOrientationLandscapeLeft UIInterfaceOrientationLandscapeRight";
				INFOPLIST_KEY_UISupportedInterfaceOrientations_iPhone = "UIInterfaceOrientationPortrait UIInterfaceOrientationLandscapeLeft UIInterfaceOrientationLandscapeRight";
				IPHONEOS_DEPLOYMENT_TARGET = 15.0;
				LD_RUNPATH_SEARCH_PATHS = (
					"$(inherited)",
					"@executable_path/Frameworks",
				);
				MARKETING_VERSION = 1.5.8;
				PRODUCT_BUNDLE_IDENTIFIER = me.mudkip.MoeMemos;
				PRODUCT_NAME = "$(TARGET_NAME)";
				SWIFT_EMIT_LOC_STRINGS = YES;
				SWIFT_VERSION = 5.0;
				TARGETED_DEVICE_FAMILY = "1,2";
			};
			name = Debug;
		};
		194B275328C3973600A48675 /* Release */ = {
			isa = XCBuildConfiguration;
			buildSettings = {
				ALWAYS_EMBED_SWIFT_STANDARD_LIBRARIES = YES;
				ASSETCATALOG_COMPILER_APPICON_NAME = AppIcon;
				ASSETCATALOG_COMPILER_GLOBAL_ACCENT_COLOR_NAME = AccentColor;
				CODE_SIGN_ENTITLEMENTS = MoeMemos/MoeMemos.entitlements;
				CODE_SIGN_STYLE = Automatic;
				CURRENT_PROJECT_VERSION = 40;
				DEVELOPMENT_ASSET_PATHS = "\"MoeMemos/Preview Content\"";
				DEVELOPMENT_TEAM = AHAQ4D2466;
				ENABLE_PREVIEWS = YES;
				GENERATE_INFOPLIST_FILE = YES;
				INFOPLIST_FILE = MoeMemos/Info.plist;
				INFOPLIST_KEY_CFBundleDisplayName = MoeMemos;
				INFOPLIST_KEY_LSApplicationCategoryType = "public.app-category.productivity";
				INFOPLIST_KEY_UIApplicationSceneManifest_Generation = YES;
				INFOPLIST_KEY_UIApplicationSupportsIndirectInputEvents = YES;
				INFOPLIST_KEY_UILaunchScreen_Generation = YES;
				INFOPLIST_KEY_UISupportedInterfaceOrientations_iPad = "UIInterfaceOrientationPortrait UIInterfaceOrientationPortraitUpsideDown UIInterfaceOrientationLandscapeLeft UIInterfaceOrientationLandscapeRight";
				INFOPLIST_KEY_UISupportedInterfaceOrientations_iPhone = "UIInterfaceOrientationPortrait UIInterfaceOrientationLandscapeLeft UIInterfaceOrientationLandscapeRight";
				IPHONEOS_DEPLOYMENT_TARGET = 15.0;
				LD_RUNPATH_SEARCH_PATHS = (
					"$(inherited)",
					"@executable_path/Frameworks",
				);
				MARKETING_VERSION = 1.5.8;
				PRODUCT_BUNDLE_IDENTIFIER = me.mudkip.MoeMemos;
				PRODUCT_NAME = "$(TARGET_NAME)";
				SWIFT_EMIT_LOC_STRINGS = YES;
				SWIFT_VERSION = 5.0;
				TARGETED_DEVICE_FAMILY = "1,2";
			};
			name = Release;
		};
		194B275528C3973600A48675 /* Debug */ = {
			isa = XCBuildConfiguration;
			buildSettings = {
				ALWAYS_EMBED_SWIFT_STANDARD_LIBRARIES = YES;
				BUNDLE_LOADER = "$(TEST_HOST)";
				CODE_SIGN_STYLE = Automatic;
				CURRENT_PROJECT_VERSION = 24;
				DEVELOPMENT_TEAM = AHAQ4D2466;
				GENERATE_INFOPLIST_FILE = YES;
				IPHONEOS_DEPLOYMENT_TARGET = 15.0;
				MARKETING_VERSION = 1.0;
				PRODUCT_BUNDLE_IDENTIFIER = me.mudkip.MoeMemosTests;
				PRODUCT_NAME = "$(TARGET_NAME)";
				SWIFT_EMIT_LOC_STRINGS = NO;
				SWIFT_VERSION = 5.0;
				TARGETED_DEVICE_FAMILY = "1,2";
				TEST_HOST = "$(BUILT_PRODUCTS_DIR)/MoeMemos.app/MoeMemos";
			};
			name = Debug;
		};
		194B275628C3973600A48675 /* Release */ = {
			isa = XCBuildConfiguration;
			buildSettings = {
				ALWAYS_EMBED_SWIFT_STANDARD_LIBRARIES = YES;
				BUNDLE_LOADER = "$(TEST_HOST)";
				CODE_SIGN_STYLE = Automatic;
				CURRENT_PROJECT_VERSION = 24;
				DEVELOPMENT_TEAM = AHAQ4D2466;
				GENERATE_INFOPLIST_FILE = YES;
				IPHONEOS_DEPLOYMENT_TARGET = 15.0;
				MARKETING_VERSION = 1.0;
				PRODUCT_BUNDLE_IDENTIFIER = me.mudkip.MoeMemosTests;
				PRODUCT_NAME = "$(TARGET_NAME)";
				SWIFT_EMIT_LOC_STRINGS = NO;
				SWIFT_VERSION = 5.0;
				TARGETED_DEVICE_FAMILY = "1,2";
				TEST_HOST = "$(BUILT_PRODUCTS_DIR)/MoeMemos.app/MoeMemos";
			};
			name = Release;
		};
		194B275828C3973600A48675 /* Debug */ = {
			isa = XCBuildConfiguration;
			buildSettings = {
				ALWAYS_EMBED_SWIFT_STANDARD_LIBRARIES = YES;
				CODE_SIGN_STYLE = Automatic;
				CURRENT_PROJECT_VERSION = 1;
				DEVELOPMENT_TEAM = AHAQ4D2466;
				GENERATE_INFOPLIST_FILE = YES;
				MARKETING_VERSION = 1.0;
				PRODUCT_BUNDLE_IDENTIFIER = me.mudkip.MoeMemosUITests;
				PRODUCT_NAME = "$(TARGET_NAME)";
				SWIFT_EMIT_LOC_STRINGS = NO;
				SWIFT_VERSION = 5.0;
				TARGETED_DEVICE_FAMILY = "1,2";
				TEST_TARGET_NAME = MoeMemos;
			};
			name = Debug;
		};
		194B275928C3973600A48675 /* Release */ = {
			isa = XCBuildConfiguration;
			buildSettings = {
				ALWAYS_EMBED_SWIFT_STANDARD_LIBRARIES = YES;
				CODE_SIGN_STYLE = Automatic;
				CURRENT_PROJECT_VERSION = 1;
				DEVELOPMENT_TEAM = AHAQ4D2466;
				GENERATE_INFOPLIST_FILE = YES;
				MARKETING_VERSION = 1.0;
				PRODUCT_BUNDLE_IDENTIFIER = me.mudkip.MoeMemosUITests;
				PRODUCT_NAME = "$(TARGET_NAME)";
				SWIFT_EMIT_LOC_STRINGS = NO;
				SWIFT_VERSION = 5.0;
				TARGETED_DEVICE_FAMILY = "1,2";
				TEST_TARGET_NAME = MoeMemos;
			};
			name = Release;
		};
		19E29A732938FBCD00BE9C32 /* Debug */ = {
			isa = XCBuildConfiguration;
			buildSettings = {
				CLANG_CXX_LANGUAGE_STANDARD = "gnu++20";
				CODE_SIGN_ENTITLEMENTS = MoeMemosShareExtension/MoeMemosShareExtension.entitlements;
				CODE_SIGN_STYLE = Automatic;
				CURRENT_PROJECT_VERSION = 40;
				DEVELOPMENT_TEAM = AHAQ4D2466;
				GENERATE_INFOPLIST_FILE = YES;
				INFOPLIST_FILE = MoeMemosShareExtension/Info.plist;
				INFOPLIST_KEY_CFBundleDisplayName = MoeMemosShareExtension;
				INFOPLIST_KEY_NSHumanReadableCopyright = "";
				IPHONEOS_DEPLOYMENT_TARGET = 15.0;
				LD_RUNPATH_SEARCH_PATHS = (
					"$(inherited)",
					"@executable_path/Frameworks",
					"@executable_path/../../Frameworks",
				);
				MARKETING_VERSION = 1.5.8;
				PRODUCT_BUNDLE_IDENTIFIER = me.mudkip.MoeMemos.MoeMemosShareExtension;
				PRODUCT_NAME = "$(TARGET_NAME)";
				SKIP_INSTALL = YES;
				SWIFT_EMIT_LOC_STRINGS = YES;
				SWIFT_VERSION = 5.0;
				TARGETED_DEVICE_FAMILY = "1,2";
			};
			name = Debug;
		};
		19E29A742938FBCD00BE9C32 /* Release */ = {
			isa = XCBuildConfiguration;
			buildSettings = {
				CLANG_CXX_LANGUAGE_STANDARD = "gnu++20";
				CODE_SIGN_ENTITLEMENTS = MoeMemosShareExtension/MoeMemosShareExtension.entitlements;
				CODE_SIGN_STYLE = Automatic;
				CURRENT_PROJECT_VERSION = 40;
				DEVELOPMENT_TEAM = AHAQ4D2466;
				GENERATE_INFOPLIST_FILE = YES;
				INFOPLIST_FILE = MoeMemosShareExtension/Info.plist;
				INFOPLIST_KEY_CFBundleDisplayName = MoeMemosShareExtension;
				INFOPLIST_KEY_NSHumanReadableCopyright = "";
				IPHONEOS_DEPLOYMENT_TARGET = 15.0;
				LD_RUNPATH_SEARCH_PATHS = (
					"$(inherited)",
					"@executable_path/Frameworks",
					"@executable_path/../../Frameworks",
				);
				MARKETING_VERSION = 1.5.8;
				PRODUCT_BUNDLE_IDENTIFIER = me.mudkip.MoeMemos.MoeMemosShareExtension;
				PRODUCT_NAME = "$(TARGET_NAME)";
				SKIP_INSTALL = YES;
				SWIFT_EMIT_LOC_STRINGS = YES;
				SWIFT_VERSION = 5.0;
				TARGETED_DEVICE_FAMILY = "1,2";
			};
			name = Release;
		};
/* End XCBuildConfiguration section */

/* Begin XCConfigurationList section */
		191339C3291D7289001F2B2E /* Build configuration list for PBXNativeTarget "MoeMemosWidgetsExtension" */ = {
			isa = XCConfigurationList;
			buildConfigurations = (
				191339C1291D7289001F2B2E /* Debug */,
				191339C2291D7289001F2B2E /* Release */,
			);
			defaultConfigurationIsVisible = 0;
			defaultConfigurationName = Release;
		};
		194B272828C3973400A48675 /* Build configuration list for PBXProject "MoeMemos" */ = {
			isa = XCConfigurationList;
			buildConfigurations = (
				194B274F28C3973600A48675 /* Debug */,
				194B275028C3973600A48675 /* Release */,
			);
			defaultConfigurationIsVisible = 0;
			defaultConfigurationName = Release;
		};
		194B275128C3973600A48675 /* Build configuration list for PBXNativeTarget "MoeMemos" */ = {
			isa = XCConfigurationList;
			buildConfigurations = (
				194B275228C3973600A48675 /* Debug */,
				194B275328C3973600A48675 /* Release */,
			);
			defaultConfigurationIsVisible = 0;
			defaultConfigurationName = Release;
		};
		194B275428C3973600A48675 /* Build configuration list for PBXNativeTarget "MoeMemosTests" */ = {
			isa = XCConfigurationList;
			buildConfigurations = (
				194B275528C3973600A48675 /* Debug */,
				194B275628C3973600A48675 /* Release */,
			);
			defaultConfigurationIsVisible = 0;
			defaultConfigurationName = Release;
		};
		194B275728C3973600A48675 /* Build configuration list for PBXNativeTarget "MoeMemosUITests" */ = {
			isa = XCConfigurationList;
			buildConfigurations = (
				194B275828C3973600A48675 /* Debug */,
				194B275928C3973600A48675 /* Release */,
			);
			defaultConfigurationIsVisible = 0;
			defaultConfigurationName = Release;
		};
		19E29A752938FBCD00BE9C32 /* Build configuration list for PBXNativeTarget "MoeMemosShareExtension" */ = {
			isa = XCConfigurationList;
			buildConfigurations = (
				19E29A732938FBCD00BE9C32 /* Debug */,
				19E29A742938FBCD00BE9C32 /* Release */,
			);
			defaultConfigurationIsVisible = 0;
			defaultConfigurationName = Release;
		};
/* End XCConfigurationList section */

/* Begin XCRemoteSwiftPackageReference section */
		190755972B66512200451E6D /* XCRemoteSwiftPackageReference "swift-markdown" */ = {
			isa = XCRemoteSwiftPackageReference;
			repositoryURL = "https://github.com/mudkipme/swift-markdown";
			requirement = {
				branch = main;
				kind = branch;
			};
		};
		193D274B29C8D1EB00BDE4A2 /* XCRemoteSwiftPackageReference "swift-markdown-ui" */ = {
			isa = XCRemoteSwiftPackageReference;
			repositoryURL = "https://github.com/mudkipme/swift-markdown-ui";
			requirement = {
				branch = main;
				kind = branch;
			};
		};
		19E8665F2AB84ACA00E33521 /* XCRemoteSwiftPackageReference "keychain-swift" */ = {
			isa = XCRemoteSwiftPackageReference;
			repositoryURL = "https://github.com/evgenyneu/keychain-swift.git";
			requirement = {
				kind = upToNextMajorVersion;
				minimumVersion = 20.0.0;
			};
		};
		31EE785D29B9E6F4005F62D0 /* XCRemoteSwiftPackageReference "Highlightr" */ = {
			isa = XCRemoteSwiftPackageReference;
			repositoryURL = "https://github.com/raspu/Highlightr";
			requirement = {
				kind = upToNextMajorVersion;
				minimumVersion = 2.1.2;
			};
		};
/* End XCRemoteSwiftPackageReference section */

/* Begin XCSwiftPackageProductDependency section */
		190755982B66512200451E6D /* Markdown */ = {
			isa = XCSwiftPackageProductDependency;
			package = 190755972B66512200451E6D /* XCRemoteSwiftPackageReference "swift-markdown" */;
			productName = Markdown;
		};
		193D274C29C8D1EB00BDE4A2 /* MarkdownUI */ = {
			isa = XCSwiftPackageProductDependency;
			package = 193D274B29C8D1EB00BDE4A2 /* XCRemoteSwiftPackageReference "swift-markdown-ui" */;
			productName = MarkdownUI;
		};
		19E866602AB84EBA00E33521 /* KeychainSwift */ = {
			isa = XCSwiftPackageProductDependency;
			package = 19E8665F2AB84ACA00E33521 /* XCRemoteSwiftPackageReference "keychain-swift" */;
			productName = KeychainSwift;
		};
		19E866622AB851E200E33521 /* KeychainSwift */ = {
			isa = XCSwiftPackageProductDependency;
			package = 19E8665F2AB84ACA00E33521 /* XCRemoteSwiftPackageReference "keychain-swift" */;
			productName = KeychainSwift;
		};
		19E866642AB851E800E33521 /* KeychainSwift */ = {
			isa = XCSwiftPackageProductDependency;
			package = 19E8665F2AB84ACA00E33521 /* XCRemoteSwiftPackageReference "keychain-swift" */;
			productName = KeychainSwift;
		};
		31EE785E29B9E6F4005F62D0 /* Highlightr */ = {
			isa = XCSwiftPackageProductDependency;
			package = 31EE785D29B9E6F4005F62D0 /* XCRemoteSwiftPackageReference "Highlightr" */;
			productName = Highlightr;
		};
/* End XCSwiftPackageProductDependency section */
	};
	rootObject = 194B272528C3973400A48675 /* Project object */;
}
