{
  "pins" : [
    {
      "identity" : "highlightr",
      "kind" : "remoteSourceControl",
      "location" : "https://github.com/raspu/Highlightr",
      "state" : {
        "revision" : "93199b9e434f04bda956a613af8f571933f9f037",
        "version" : "2.1.2"
      }
    },
    {
      "identity" : "swift-cmark",
      "kind" : "remoteSourceControl",
      "location" : "https://github.com/apple/swift-cmark.git",
      "state" : {
        "branch" : "gfm",
        "revision" : "86aeb491675de6f077a3a6df6cbcac1a25dcbee1"
      }
    },
    {
      "identity" : "swift-markdown",
      "kind" : "remoteSourceControl",
      "location" : "https://github.com/mudkipme/swift-markdown.git",
      "state" : {
        "branch" : "main",
        "revision" : "2e0ffeea72a69c36eed2966528df30e75f3c2cf3"
      }
    },
    {
      "identity" : "swift-markdown-ui",
      "kind" : "remoteSourceControl",
      "location" : "https://github.com/mudkipme/swift-markdown-ui",
      "state" : {
        "branch" : "main",
        "revision" : "546a16ded56b83bb2ea48ec177f60a236931099f"
      }
    }
  ],
  "version" : 2
}
